// !$*UTF8*$!
{
	archiveVersion = 1;
	classes = {
	};
	objectVersion = 52;
	objects = {

/* Begin PBXBuildFile section */
		D12D6DE125A1C84200E9A43A /* BaskervilleFont.swift in Sources */ = {isa = PBXBuildFile; fileRef = D12D6DE025A1C84200E9A43A /* BaskervilleFont.swift */; };
		D12D6DE625A1C92D00E9A43A /* TabBarViewController.swift in Sources */ = {isa = PBXBuildFile; fileRef = D12D6DE525A1C92D00E9A43A /* TabBarViewController.swift */; };
		D1311888259B6B9400897DF4 /* ReusableView.swift in Sources */ = {isa = PBXBuildFile; fileRef = D1311887259B6B9400897DF4 /* ReusableView.swift */; };
		D131188B259B6BA000897DF4 /* UICollectionView+.swift in Sources */ = {isa = PBXBuildFile; fileRef = D131188A259B6BA000897DF4 /* UICollectionView+.swift */; };
		D131188E259B6BA900897DF4 /* UICollectionViewCell+.swift in Sources */ = {isa = PBXBuildFile; fileRef = D131188D259B6BA900897DF4 /* UICollectionViewCell+.swift */; };
		D1311892259B6BB300897DF4 /* UITableView+.swift in Sources */ = {isa = PBXBuildFile; fileRef = D1311891259B6BB300897DF4 /* UITableView+.swift */; };
		D1311895259B6BBF00897DF4 /* UITableViewCell+.swift in Sources */ = {isa = PBXBuildFile; fileRef = D1311894259B6BBF00897DF4 /* UITableViewCell+.swift */; };
		D1311898259B6BD100897DF4 /* UIColor+.swift in Sources */ = {isa = PBXBuildFile; fileRef = D1311897259B6BD100897DF4 /* UIColor+.swift */; };
		D131189B259B6BD800897DF4 /* UIView+.swift in Sources */ = {isa = PBXBuildFile; fileRef = D131189A259B6BD800897DF4 /* UIView+.swift */; };
		D131189E259B6BE300897DF4 /* UIViewController+.swift in Sources */ = {isa = PBXBuildFile; fileRef = D131189D259B6BE300897DF4 /* UIViewController+.swift */; };
		D13118A3259B70EF00897DF4 /* KeychainStorage.swift in Sources */ = {isa = PBXBuildFile; fileRef = D13118A2259B70EF00897DF4 /* KeychainStorage.swift */; };
		D13118A6259B718900897DF4 /* CALayer+.swift in Sources */ = {isa = PBXBuildFile; fileRef = D13118A5259B718900897DF4 /* CALayer+.swift */; };
		D19179E6259890A40035AF74 /* AppDelegate.swift in Sources */ = {isa = PBXBuildFile; fileRef = D19179E5259890A40035AF74 /* AppDelegate.swift */; };
		D19179E8259890A40035AF74 /* SceneDelegate.swift in Sources */ = {isa = PBXBuildFile; fileRef = D19179E7259890A40035AF74 /* SceneDelegate.swift */; };
		D19179EA259890A40035AF74 /* SplashViewController.swift in Sources */ = {isa = PBXBuildFile; fileRef = D19179E9259890A40035AF74 /* SplashViewController.swift */; };
		D19179EF259890A70035AF74 /* Assets.xcassets in Resources */ = {isa = PBXBuildFile; fileRef = D19179EE259890A70035AF74 /* Assets.xcassets */; };
		D19179F2259890A70035AF74 /* LaunchScreen.storyboard in Resources */ = {isa = PBXBuildFile; fileRef = D19179F0259890A70035AF74 /* LaunchScreen.storyboard */; };
		D1B444D9259F095F005C2C68 /* CalendarViewController.swift in Sources */ = {isa = PBXBuildFile; fileRef = D1B444D8259F095F005C2C68 /* CalendarViewController.swift */; };
		D1B444DD259F096C005C2C68 /* PromiseViewController.swift in Sources */ = {isa = PBXBuildFile; fileRef = D1B444DC259F096C005C2C68 /* PromiseViewController.swift */; };
		D1B444E4259F09C5005C2C68 /* DetailViewController.swift in Sources */ = {isa = PBXBuildFile; fileRef = D1B444E3259F09C5005C2C68 /* DetailViewController.swift */; };
		D1B444E7259F09DD005C2C68 /* Detail.storyboard in Resources */ = {isa = PBXBuildFile; fileRef = D1B444E6259F09DD005C2C68 /* Detail.storyboard */; };
		D1B444EA259F09FF005C2C68 /* Communication.storyboard in Resources */ = {isa = PBXBuildFile; fileRef = D1B444E9259F09FF005C2C68 /* Communication.storyboard */; };
		D1B444EE259F0A10005C2C68 /* CommunicationViewController.swift in Sources */ = {isa = PBXBuildFile; fileRef = D1B444ED259F0A10005C2C68 /* CommunicationViewController.swift */; };
		D1B444FA259F0A9E005C2C68 /* Home.storyboard in Resources */ = {isa = PBXBuildFile; fileRef = D1B444F9259F0A9E005C2C68 /* Home.storyboard */; };
		D1B444FF259F0B13005C2C68 /* HomeViewController.swift in Sources */ = {isa = PBXBuildFile; fileRef = D1B444FE259F0B13005C2C68 /* HomeViewController.swift */; };
		D1B44505259F0FCE005C2C68 /* StoryboardStorage.swift in Sources */ = {isa = PBXBuildFile; fileRef = D1B44504259F0FCE005C2C68 /* StoryboardStorage.swift */; };
		D1B44508259F1447005C2C68 /* BaseViewController.swift in Sources */ = {isa = PBXBuildFile; fileRef = D1B44507259F1447005C2C68 /* BaseViewController.swift */; };
		D1B4450E259F1D4A005C2C68 /* Login.storyboard in Resources */ = {isa = PBXBuildFile; fileRef = D1B4450D259F1D4A005C2C68 /* Login.storyboard */; };
		D1B44511259F1D5A005C2C68 /* LoginViewController.swift in Sources */ = {isa = PBXBuildFile; fileRef = D1B44510259F1D5A005C2C68 /* LoginViewController.swift */; };
		D1B65A112598CE5C00A9A7CB /* Network.swift in Sources */ = {isa = PBXBuildFile; fileRef = D1B65A102598CE5C00A9A7CB /* Network.swift */; };
		D1B65A142598CE6400A9A7CB /* Util.swift in Sources */ = {isa = PBXBuildFile; fileRef = D1B65A132598CE6400A9A7CB /* Util.swift */; };
		D1B65A182598D16600A9A7CB /* RxSwift in Frameworks */ = {isa = PBXBuildFile; productRef = D1B65A172598D16600A9A7CB /* RxSwift */; };
		D1B65A1A2598D16600A9A7CB /* RxCocoa in Frameworks */ = {isa = PBXBuildFile; productRef = D1B65A192598D16600A9A7CB /* RxCocoa */; };
		D1B65A1C2598D16600A9A7CB /* RxRelay in Frameworks */ = {isa = PBXBuildFile; productRef = D1B65A1B2598D16600A9A7CB /* RxRelay */; };
		D1B65A202598D1FF00A9A7CB /* Kingfisher in Frameworks */ = {isa = PBXBuildFile; productRef = D1B65A1F2598D1FF00A9A7CB /* Kingfisher */; };
		D1B65A242598D21F00A9A7CB /* SnapKit in Frameworks */ = {isa = PBXBuildFile; productRef = D1B65A232598D21F00A9A7CB /* SnapKit */; };
		D1B65A282598D24D00A9A7CB /* Alamofire in Frameworks */ = {isa = PBXBuildFile; productRef = D1B65A272598D24D00A9A7CB /* Alamofire */; };
		D1B65A2C2598D27D00A9A7CB /* Then in Frameworks */ = {isa = PBXBuildFile; productRef = D1B65A2B2598D27D00A9A7CB /* Then */; };
		DA050946259F343E00DDB916 /* CameraWorkViewController.swift in Sources */ = {isa = PBXBuildFile; fileRef = DA050945259F343E00DDB916 /* CameraWorkViewController.swift */; };
		DA050956259F692E00DDB916 /* UIImage+.swift in Sources */ = {isa = PBXBuildFile; fileRef = DA050955259F692E00DDB916 /* UIImage+.swift */; };
		DA050965259F801A00DDB916 /* SwiftKeychainWrapper in Frameworks */ = {isa = PBXBuildFile; productRef = DA050964259F801A00DDB916 /* SwiftKeychainWrapper */; };
		DA05096C25A05A6100DDB916 /* RequestDataModel.swift in Sources */ = {isa = PBXBuildFile; fileRef = DA05096B25A05A6100DDB916 /* RequestDataModel.swift */; };
		DA05097225A0722000DDB916 /* YPImagePicker in Frameworks */ = {isa = PBXBuildFile; productRef = DA05097125A0722000DDB916 /* YPImagePicker */; };
		DA05097A25A2176300DDB916 /* photoCollectionViewCell.swift in Sources */ = {isa = PBXBuildFile; fileRef = DA05097925A2176300DDB916 /* photoCollectionViewCell.swift */; };
		DA10C689259B3C3F00AC91D9 /* FSCalendar in Frameworks */ = {isa = PBXBuildFile; productRef = DA10C688259B3C3F00AC91D9 /* FSCalendar */; };
		DA6D898525A5A98E00CF47C4 /* AppointmentViewController.swift in Sources */ = {isa = PBXBuildFile; fileRef = DA6D898425A5A98E00CF47C4 /* AppointmentViewController.swift */; };
		DA813FBF25A475E500D33AD2 /* MessageViewController.swift in Sources */ = {isa = PBXBuildFile; fileRef = DA813FBE25A475E500D33AD2 /* MessageViewController.swift */; };
		DAB3225925A72A520098175E /* DatePickerViewController.swift in Sources */ = {isa = PBXBuildFile; fileRef = DAB3225825A72A510098175E /* DatePickerViewController.swift */; };
		DAB3225C25A73F900098175E /* UIDatePicker+.swift in Sources */ = {isa = PBXBuildFile; fileRef = DAB3225B25A73F900098175E /* UIDatePicker+.swift */; };
/* End PBXBuildFile section */

/* Begin PBXFileReference section */
		D12D6DDE25A1C7F600E9A43A /* BASKE1.ttf */ = {isa = PBXFileReference; lastKnownFileType = file; path = BASKE1.ttf; sourceTree = "<group>"; };
		D12D6DE025A1C84200E9A43A /* BaskervilleFont.swift */ = {isa = PBXFileReference; lastKnownFileType = sourcecode.swift; path = BaskervilleFont.swift; sourceTree = "<group>"; };
		D12D6DE525A1C92D00E9A43A /* TabBarViewController.swift */ = {isa = PBXFileReference; lastKnownFileType = sourcecode.swift; path = TabBarViewController.swift; sourceTree = "<group>"; };
		D1311887259B6B9400897DF4 /* ReusableView.swift */ = {isa = PBXFileReference; lastKnownFileType = sourcecode.swift; path = ReusableView.swift; sourceTree = "<group>"; };
		D131188A259B6BA000897DF4 /* UICollectionView+.swift */ = {isa = PBXFileReference; lastKnownFileType = sourcecode.swift; path = "UICollectionView+.swift"; sourceTree = "<group>"; };
		D131188D259B6BA900897DF4 /* UICollectionViewCell+.swift */ = {isa = PBXFileReference; lastKnownFileType = sourcecode.swift; path = "UICollectionViewCell+.swift"; sourceTree = "<group>"; };
		D1311891259B6BB300897DF4 /* UITableView+.swift */ = {isa = PBXFileReference; lastKnownFileType = sourcecode.swift; path = "UITableView+.swift"; sourceTree = "<group>"; };
		D1311894259B6BBF00897DF4 /* UITableViewCell+.swift */ = {isa = PBXFileReference; lastKnownFileType = sourcecode.swift; path = "UITableViewCell+.swift"; sourceTree = "<group>"; };
		D1311897259B6BD100897DF4 /* UIColor+.swift */ = {isa = PBXFileReference; lastKnownFileType = sourcecode.swift; path = "UIColor+.swift"; sourceTree = "<group>"; };
		D131189A259B6BD800897DF4 /* UIView+.swift */ = {isa = PBXFileReference; lastKnownFileType = sourcecode.swift; path = "UIView+.swift"; sourceTree = "<group>"; };
		D131189D259B6BE300897DF4 /* UIViewController+.swift */ = {isa = PBXFileReference; lastKnownFileType = sourcecode.swift; path = "UIViewController+.swift"; sourceTree = "<group>"; };
		D13118A2259B70EF00897DF4 /* KeychainStorage.swift */ = {isa = PBXFileReference; lastKnownFileType = sourcecode.swift; path = KeychainStorage.swift; sourceTree = "<group>"; };
		D13118A5259B718900897DF4 /* CALayer+.swift */ = {isa = PBXFileReference; lastKnownFileType = sourcecode.swift; path = "CALayer+.swift"; sourceTree = "<group>"; };
		D19179E2259890A40035AF74 /* Housing.app */ = {isa = PBXFileReference; explicitFileType = wrapper.application; includeInIndex = 0; path = Housing.app; sourceTree = BUILT_PRODUCTS_DIR; };
		D19179E5259890A40035AF74 /* AppDelegate.swift */ = {isa = PBXFileReference; lastKnownFileType = sourcecode.swift; path = AppDelegate.swift; sourceTree = "<group>"; };
		D19179E7259890A40035AF74 /* SceneDelegate.swift */ = {isa = PBXFileReference; lastKnownFileType = sourcecode.swift; path = SceneDelegate.swift; sourceTree = "<group>"; };
		D19179E9259890A40035AF74 /* SplashViewController.swift */ = {isa = PBXFileReference; lastKnownFileType = sourcecode.swift; path = SplashViewController.swift; sourceTree = "<group>"; };
		D19179EE259890A70035AF74 /* Assets.xcassets */ = {isa = PBXFileReference; lastKnownFileType = folder.assetcatalog; path = Assets.xcassets; sourceTree = "<group>"; };
		D19179F1259890A70035AF74 /* Base */ = {isa = PBXFileReference; lastKnownFileType = file.storyboard; name = Base; path = Base.lproj/LaunchScreen.storyboard; sourceTree = "<group>"; };
		D19179F3259890A70035AF74 /* Info.plist */ = {isa = PBXFileReference; lastKnownFileType = text.plist.xml; path = Info.plist; sourceTree = "<group>"; };
		D1B444D8259F095F005C2C68 /* CalendarViewController.swift */ = {isa = PBXFileReference; lastKnownFileType = sourcecode.swift; path = CalendarViewController.swift; sourceTree = "<group>"; };
		D1B444DC259F096C005C2C68 /* PromiseViewController.swift */ = {isa = PBXFileReference; lastKnownFileType = sourcecode.swift; path = PromiseViewController.swift; sourceTree = "<group>"; };
		D1B444E3259F09C5005C2C68 /* DetailViewController.swift */ = {isa = PBXFileReference; lastKnownFileType = sourcecode.swift; path = DetailViewController.swift; sourceTree = "<group>"; };
		D1B444E6259F09DD005C2C68 /* Detail.storyboard */ = {isa = PBXFileReference; lastKnownFileType = file.storyboard; path = Detail.storyboard; sourceTree = "<group>"; };
		D1B444E9259F09FF005C2C68 /* Communication.storyboard */ = {isa = PBXFileReference; lastKnownFileType = file.storyboard; path = Communication.storyboard; sourceTree = "<group>"; };
		D1B444ED259F0A10005C2C68 /* CommunicationViewController.swift */ = {isa = PBXFileReference; lastKnownFileType = sourcecode.swift; path = CommunicationViewController.swift; sourceTree = "<group>"; };
		D1B444F9259F0A9E005C2C68 /* Home.storyboard */ = {isa = PBXFileReference; lastKnownFileType = file.storyboard; path = Home.storyboard; sourceTree = "<group>"; };
		D1B444FE259F0B13005C2C68 /* HomeViewController.swift */ = {isa = PBXFileReference; lastKnownFileType = sourcecode.swift; path = HomeViewController.swift; sourceTree = "<group>"; };
		D1B44504259F0FCE005C2C68 /* StoryboardStorage.swift */ = {isa = PBXFileReference; lastKnownFileType = sourcecode.swift; path = StoryboardStorage.swift; sourceTree = "<group>"; };
		D1B44507259F1447005C2C68 /* BaseViewController.swift */ = {isa = PBXFileReference; lastKnownFileType = sourcecode.swift; path = BaseViewController.swift; sourceTree = "<group>"; };
		D1B4450D259F1D4A005C2C68 /* Login.storyboard */ = {isa = PBXFileReference; lastKnownFileType = file.storyboard; path = Login.storyboard; sourceTree = "<group>"; };
		D1B44510259F1D5A005C2C68 /* LoginViewController.swift */ = {isa = PBXFileReference; lastKnownFileType = sourcecode.swift; path = LoginViewController.swift; sourceTree = "<group>"; };
		D1B65A102598CE5C00A9A7CB /* Network.swift */ = {isa = PBXFileReference; lastKnownFileType = sourcecode.swift; path = Network.swift; sourceTree = "<group>"; };
		D1B65A132598CE6400A9A7CB /* Util.swift */ = {isa = PBXFileReference; lastKnownFileType = sourcecode.swift; path = Util.swift; sourceTree = "<group>"; };
		DA050945259F343E00DDB916 /* CameraWorkViewController.swift */ = {isa = PBXFileReference; lastKnownFileType = sourcecode.swift; path = CameraWorkViewController.swift; sourceTree = "<group>"; };
		DA050955259F692E00DDB916 /* UIImage+.swift */ = {isa = PBXFileReference; lastKnownFileType = sourcecode.swift; path = "UIImage+.swift"; sourceTree = "<group>"; };
		DA05096B25A05A6100DDB916 /* RequestDataModel.swift */ = {isa = PBXFileReference; lastKnownFileType = sourcecode.swift; path = RequestDataModel.swift; sourceTree = "<group>"; };
		DA05097925A2176300DDB916 /* photoCollectionViewCell.swift */ = {isa = PBXFileReference; lastKnownFileType = sourcecode.swift; path = photoCollectionViewCell.swift; sourceTree = "<group>"; };
		DA6D898425A5A98E00CF47C4 /* AppointmentViewController.swift */ = {isa = PBXFileReference; lastKnownFileType = sourcecode.swift; path = AppointmentViewController.swift; sourceTree = "<group>"; };
		DA813FBE25A475E500D33AD2 /* MessageViewController.swift */ = {isa = PBXFileReference; lastKnownFileType = sourcecode.swift; path = MessageViewController.swift; sourceTree = "<group>"; };
		DAB3225825A72A510098175E /* DatePickerViewController.swift */ = {isa = PBXFileReference; lastKnownFileType = sourcecode.swift; path = DatePickerViewController.swift; sourceTree = "<group>"; };
		DAB3225B25A73F900098175E /* UIDatePicker+.swift */ = {isa = PBXFileReference; lastKnownFileType = sourcecode.swift; path = "UIDatePicker+.swift"; sourceTree = "<group>"; };
/* End PBXFileReference section */

/* Begin PBXFrameworksBuildPhase section */
		D19179DF259890A40035AF74 /* Frameworks */ = {
			isa = PBXFrameworksBuildPhase;
			buildActionMask = 2147483647;
			files = (
				D1B65A202598D1FF00A9A7CB /* Kingfisher in Frameworks */,
				DA05097225A0722000DDB916 /* YPImagePicker in Frameworks */,
				D1B65A1C2598D16600A9A7CB /* RxRelay in Frameworks */,
				D1B65A1A2598D16600A9A7CB /* RxCocoa in Frameworks */,
				D1B65A2C2598D27D00A9A7CB /* Then in Frameworks */,
				D1B65A282598D24D00A9A7CB /* Alamofire in Frameworks */,
				DA10C689259B3C3F00AC91D9 /* FSCalendar in Frameworks */,
				D1B65A182598D16600A9A7CB /* RxSwift in Frameworks */,
				DA050965259F801A00DDB916 /* SwiftKeychainWrapper in Frameworks */,
				D1B65A242598D21F00A9A7CB /* SnapKit in Frameworks */,
			);
			runOnlyForDeploymentPostprocessing = 0;
		};
/* End PBXFrameworksBuildPhase section */

/* Begin PBXGroup section */
		D12D6DDF25A1C81400E9A43A /* Enums */ = {
			isa = PBXGroup;
			children = (
				D12D6DE025A1C84200E9A43A /* BaskervilleFont.swift */,
			);
			path = Enums;
			sourceTree = "<group>";
		};
		D1311885259B6B5B00897DF4 /* Extensions */ = {
			isa = PBXGroup;
			children = (
				D131188A259B6BA000897DF4 /* UICollectionView+.swift */,
				D131188D259B6BA900897DF4 /* UICollectionViewCell+.swift */,
				D1311891259B6BB300897DF4 /* UITableView+.swift */,
				D1311894259B6BBF00897DF4 /* UITableViewCell+.swift */,
				D1311897259B6BD100897DF4 /* UIColor+.swift */,
				D131189A259B6BD800897DF4 /* UIView+.swift */,
				D131189D259B6BE300897DF4 /* UIViewController+.swift */,
				D13118A5259B718900897DF4 /* CALayer+.swift */,
				DA050955259F692E00DDB916 /* UIImage+.swift */,
				DAB3225B25A73F900098175E /* UIDatePicker+.swift */,
			);
			path = Extensions;
			sourceTree = "<group>";
		};
		D1311886259B6B7500897DF4 /* Protocols */ = {
			isa = PBXGroup;
			children = (
				D1311887259B6B9400897DF4 /* ReusableView.swift */,
			);
			path = Protocols;
			sourceTree = "<group>";
		};
		D19179D9259890A40035AF74 = {
			isa = PBXGroup;
			children = (
				D19179E4259890A40035AF74 /* Housing */,
				D19179E3259890A40035AF74 /* Products */,
			);
			sourceTree = "<group>";
			tabWidth = 2;
			usesTabs = 1;
		};
		D19179E3259890A40035AF74 /* Products */ = {
			isa = PBXGroup;
			children = (
				D19179E2259890A40035AF74 /* Housing.app */,
			);
			name = Products;
			sourceTree = "<group>";
		};
		D19179E4259890A40035AF74 /* Housing */ = {
			isa = PBXGroup;
			children = (
				D1B65A032598C65100A9A7CB /* Util */,
				D1B65A022598C61800A9A7CB /* Supports */,
				D1B65A012598C61700A9A7CB /* Network */,
				D1B65A002598C61600A9A7CB /* Global */,
				D1B659FF2598C61500A9A7CB /* Configuration */,
				D1B659FE2598C61300A9A7CB /* Screens */,
			);
			path = Housing;
			sourceTree = "<group>";
		};
		D1B444C6259F0857005C2C68 /* Home */ = {
			isa = PBXGroup;
			children = (
				D1B444D6259F093C005C2C68 /* ViewControllers */,
				D1B444D5259F0935005C2C68 /* StoryBoards */,
			);
			path = Home;
			sourceTree = "<group>";
		};
		D1B444C7259F088C005C2C68 /* Communication */ = {
			isa = PBXGroup;
			children = (
				D1B444D2259F0927005C2C68 /* ViewControllers */,
				D1B444D1259F08FD005C2C68 /* Storyboards */,
			);
			path = Communication;
			sourceTree = "<group>";
		};
		D1B444C8259F089F005C2C68 /* Detail */ = {
			isa = PBXGroup;
			children = (
				D1B444CF259F08F1005C2C68 /* ViewControllers */,
				D1B444D0259F08F4005C2C68 /* Storyboards */,
			);
			path = Detail;
			sourceTree = "<group>";
		};
		D1B444C9259F08AE005C2C68 /* Calendar */ = {
			isa = PBXGroup;
			children = (
				D1B444D7259F0948005C2C68 /* ViewController */,
			);
			path = Calendar;
			sourceTree = "<group>";
		};
		D1B444CA259F08CA005C2C68 /* Promise */ = {
			isa = PBXGroup;
			children = (
				DA05096A25A05A4000DDB916 /* Model */,
				D1B444CC259F08DC005C2C68 /* ViewControllers */,
				D1B444CB259F08D5005C2C68 /* Storyboards */,
			);
			path = Promise;
			sourceTree = "<group>";
		};
		D1B444CB259F08D5005C2C68 /* Storyboards */ = {
			isa = PBXGroup;
			children = (
			);
			path = Storyboards;
			sourceTree = "<group>";
		};
		D1B444CC259F08DC005C2C68 /* ViewControllers */ = {
			isa = PBXGroup;
			children = (
				DA05097825A2174B00DDB916 /* Cell */,
				D1B444DC259F096C005C2C68 /* PromiseViewController.swift */,
				DA050945259F343E00DDB916 /* CameraWorkViewController.swift */,
				DA813FBE25A475E500D33AD2 /* MessageViewController.swift */,
				DA6D898425A5A98E00CF47C4 /* AppointmentViewController.swift */,
				DAB3225825A72A510098175E /* DatePickerViewController.swift */,
			);
			path = ViewControllers;
			sourceTree = "<group>";
		};
		D1B444CF259F08F1005C2C68 /* ViewControllers */ = {
			isa = PBXGroup;
			children = (
				D1B444E3259F09C5005C2C68 /* DetailViewController.swift */,
			);
			path = ViewControllers;
			sourceTree = "<group>";
		};
		D1B444D0259F08F4005C2C68 /* Storyboards */ = {
			isa = PBXGroup;
			children = (
				D1B444E6259F09DD005C2C68 /* Detail.storyboard */,
			);
			path = Storyboards;
			sourceTree = "<group>";
		};
		D1B444D1259F08FD005C2C68 /* Storyboards */ = {
			isa = PBXGroup;
			children = (
				D1B444E9259F09FF005C2C68 /* Communication.storyboard */,
			);
			path = Storyboards;
			sourceTree = "<group>";
		};
		D1B444D2259F0927005C2C68 /* ViewControllers */ = {
			isa = PBXGroup;
			children = (
				D1B444ED259F0A10005C2C68 /* CommunicationViewController.swift */,
			);
			path = ViewControllers;
			sourceTree = "<group>";
		};
		D1B444D5259F0935005C2C68 /* StoryBoards */ = {
			isa = PBXGroup;
			children = (
				D1B444F9259F0A9E005C2C68 /* Home.storyboard */,
			);
			path = StoryBoards;
			sourceTree = "<group>";
		};
		D1B444D6259F093C005C2C68 /* ViewControllers */ = {
			isa = PBXGroup;
			children = (
				D1B444FE259F0B13005C2C68 /* HomeViewController.swift */,
			);
			path = ViewControllers;
			sourceTree = "<group>";
		};
		D1B444D7259F0948005C2C68 /* ViewController */ = {
			isa = PBXGroup;
			children = (
				D1B444D8259F095F005C2C68 /* CalendarViewController.swift */,
			);
			path = ViewController;
			sourceTree = "<group>";
		};
		D1B4450A259F1D2E005C2C68 /* Login */ = {
			isa = PBXGroup;
			children = (
				D1B4450B259F1D35005C2C68 /* ViewControllers */,
				D1B4450C259F1D3C005C2C68 /* Storyboards */,
			);
			path = Login;
			sourceTree = "<group>";
		};
		D1B4450B259F1D35005C2C68 /* ViewControllers */ = {
			isa = PBXGroup;
			children = (
				D1B44510259F1D5A005C2C68 /* LoginViewController.swift */,
			);
			path = ViewControllers;
			sourceTree = "<group>";
		};
		D1B4450C259F1D3C005C2C68 /* Storyboards */ = {
			isa = PBXGroup;
			children = (
				D1B4450D259F1D4A005C2C68 /* Login.storyboard */,
			);
			path = Storyboards;
			sourceTree = "<group>";
		};
		D1B659FE2598C61300A9A7CB /* Screens */ = {
			isa = PBXGroup;
			children = (
				D1B4450A259F1D2E005C2C68 /* Login */,
				D1B444CA259F08CA005C2C68 /* Promise */,
				D1B444C9259F08AE005C2C68 /* Calendar */,
				D1B444C8259F089F005C2C68 /* Detail */,
				D1B444C7259F088C005C2C68 /* Communication */,
				D1B444C6259F0857005C2C68 /* Home */,
				D1B65A042598C65900A9A7CB /* Splash */,
				D1B44507259F1447005C2C68 /* BaseViewController.swift */,
				D12D6DE525A1C92D00E9A43A /* TabBarViewController.swift */,
			);
			path = Screens;
			sourceTree = "<group>";
		};
		D1B659FF2598C61500A9A7CB /* Configuration */ = {
			isa = PBXGroup;
			children = (
				D13118A2259B70EF00897DF4 /* KeychainStorage.swift */,
				D1B44504259F0FCE005C2C68 /* StoryboardStorage.swift */,
			);
			path = Configuration;
			sourceTree = "<group>";
		};
		D1B65A002598C61600A9A7CB /* Global */ = {
			isa = PBXGroup;
			children = (
				D12D6DDF25A1C81400E9A43A /* Enums */,
				D1311886259B6B7500897DF4 /* Protocols */,
				D1311885259B6B5B00897DF4 /* Extensions */,
			);
			path = Global;
			sourceTree = "<group>";
		};
		D1B65A012598C61700A9A7CB /* Network */ = {
			isa = PBXGroup;
			children = (
				D1B65A102598CE5C00A9A7CB /* Network.swift */,
			);
			path = Network;
			sourceTree = "<group>";
		};
		D1B65A022598C61800A9A7CB /* Supports */ = {
			isa = PBXGroup;
			children = (
				D12D6DDE25A1C7F600E9A43A /* BASKE1.ttf */,
				D19179F3259890A70035AF74 /* Info.plist */,
				D19179E7259890A40035AF74 /* SceneDelegate.swift */,
				D19179E5259890A40035AF74 /* AppDelegate.swift */,
				D19179F0259890A70035AF74 /* LaunchScreen.storyboard */,
				D19179EE259890A70035AF74 /* Assets.xcassets */,
			);
			path = Supports;
			sourceTree = "<group>";
		};
		D1B65A032598C65100A9A7CB /* Util */ = {
			isa = PBXGroup;
			children = (
				D1B65A132598CE6400A9A7CB /* Util.swift */,
			);
			path = Util;
			sourceTree = "<group>";
		};
		D1B65A042598C65900A9A7CB /* Splash */ = {
			isa = PBXGroup;
			children = (
				D19179E9259890A40035AF74 /* SplashViewController.swift */,
			);
			path = Splash;
			sourceTree = "<group>";
		};
		DA05096A25A05A4000DDB916 /* Model */ = {
			isa = PBXGroup;
			children = (
				DA05096B25A05A6100DDB916 /* RequestDataModel.swift */,
			);
			path = Model;
			sourceTree = "<group>";
		};
		DA05097825A2174B00DDB916 /* Cell */ = {
			isa = PBXGroup;
			children = (
				DA05097925A2176300DDB916 /* photoCollectionViewCell.swift */,
			);
			path = Cell;
			sourceTree = "<group>";
		};
/* End PBXGroup section */

/* Begin PBXNativeTarget section */
		D19179E1259890A40035AF74 /* Housing */ = {
			isa = PBXNativeTarget;
			buildConfigurationList = D19179F6259890A70035AF74 /* Build configuration list for PBXNativeTarget "Housing" */;
			buildPhases = (
				D19179DE259890A40035AF74 /* Sources */,
				D19179DF259890A40035AF74 /* Frameworks */,
				D19179E0259890A40035AF74 /* Resources */,
			);
			buildRules = (
			);
			dependencies = (
			);
			name = Housing;
			packageProductDependencies = (
				D1B65A172598D16600A9A7CB /* RxSwift */,
				D1B65A192598D16600A9A7CB /* RxCocoa */,
				D1B65A1B2598D16600A9A7CB /* RxRelay */,
				D1B65A1F2598D1FF00A9A7CB /* Kingfisher */,
				D1B65A232598D21F00A9A7CB /* SnapKit */,
				D1B65A272598D24D00A9A7CB /* Alamofire */,
				D1B65A2B2598D27D00A9A7CB /* Then */,
				DA10C688259B3C3F00AC91D9 /* FSCalendar */,
				DA050964259F801A00DDB916 /* SwiftKeychainWrapper */,
				DA05097125A0722000DDB916 /* YPImagePicker */,
			);
			productName = Housing;
			productReference = D19179E2259890A40035AF74 /* Housing.app */;
			productType = "com.apple.product-type.application";
		};
/* End PBXNativeTarget section */

/* Begin PBXProject section */
		D19179DA259890A40035AF74 /* Project object */ = {
			isa = PBXProject;
			attributes = {
				LastSwiftUpdateCheck = 1230;
				LastUpgradeCheck = 1230;
				TargetAttributes = {
					D19179E1259890A40035AF74 = {
						CreatedOnToolsVersion = 12.3;
					};
				};
			};
			buildConfigurationList = D19179DD259890A40035AF74 /* Build configuration list for PBXProject "Housing" */;
			compatibilityVersion = "Xcode 9.3";
			developmentRegion = en;
			hasScannedForEncodings = 0;
			knownRegions = (
				en,
				Base,
			);
			mainGroup = D19179D9259890A40035AF74;
			packageReferences = (
				D1B65A162598D16600A9A7CB /* XCRemoteSwiftPackageReference "RxSwift" */,
				D1B65A1E2598D1FF00A9A7CB /* XCRemoteSwiftPackageReference "Kingfisher" */,
				D1B65A222598D21F00A9A7CB /* XCRemoteSwiftPackageReference "SnapKit" */,
				D1B65A262598D24C00A9A7CB /* XCRemoteSwiftPackageReference "Alamofire" */,
				D1B65A2A2598D27D00A9A7CB /* XCRemoteSwiftPackageReference "Then" */,
				DA10C687259B3C3F00AC91D9 /* XCRemoteSwiftPackageReference "FSCalendar" */,
				DA050963259F801A00DDB916 /* XCRemoteSwiftPackageReference "SwiftKeychainWrapper" */,
				DA05097025A0722000DDB916 /* XCRemoteSwiftPackageReference "YPImagePicker" */,
			);
			productRefGroup = D19179E3259890A40035AF74 /* Products */;
			projectDirPath = "";
			projectRoot = "";
			targets = (
				D19179E1259890A40035AF74 /* Housing */,
			);
		};
/* End PBXProject section */

/* Begin PBXResourcesBuildPhase section */
		D19179E0259890A40035AF74 /* Resources */ = {
			isa = PBXResourcesBuildPhase;
			buildActionMask = 2147483647;
			files = (
				D19179F2259890A70035AF74 /* LaunchScreen.storyboard in Resources */,
				D1B444EA259F09FF005C2C68 /* Communication.storyboard in Resources */,
				D1B4450E259F1D4A005C2C68 /* Login.storyboard in Resources */,
				D19179EF259890A70035AF74 /* Assets.xcassets in Resources */,
				D1B444FA259F0A9E005C2C68 /* Home.storyboard in Resources */,
				D1B444E7259F09DD005C2C68 /* Detail.storyboard in Resources */,
			);
			runOnlyForDeploymentPostprocessing = 0;
		};
/* End PBXResourcesBuildPhase section */

/* Begin PBXSourcesBuildPhase section */
		D19179DE259890A40035AF74 /* Sources */ = {
			isa = PBXSourcesBuildPhase;
			buildActionMask = 2147483647;
			files = (
				D12D6DE125A1C84200E9A43A /* BaskervilleFont.swift in Sources */,
				D1B444D9259F095F005C2C68 /* CalendarViewController.swift in Sources */,
				D19179EA259890A40035AF74 /* SplashViewController.swift in Sources */,
				D1B444DD259F096C005C2C68 /* PromiseViewController.swift in Sources */,
				DA813FBF25A475E500D33AD2 /* MessageViewController.swift in Sources */,
				D12D6DE625A1C92D00E9A43A /* TabBarViewController.swift in Sources */,
				DA05096C25A05A6100DDB916 /* RequestDataModel.swift in Sources */,
				D1B44511259F1D5A005C2C68 /* LoginViewController.swift in Sources */,
				D19179E6259890A40035AF74 /* AppDelegate.swift in Sources */,
				D131189E259B6BE300897DF4 /* UIViewController+.swift in Sources */,
				D1B44505259F0FCE005C2C68 /* StoryboardStorage.swift in Sources */,
				D1B444FF259F0B13005C2C68 /* HomeViewController.swift in Sources */,
				D131189B259B6BD800897DF4 /* UIView+.swift in Sources */,
				DAB3225C25A73F900098175E /* UIDatePicker+.swift in Sources */,
				D131188E259B6BA900897DF4 /* UICollectionViewCell+.swift in Sources */,
				D1B65A112598CE5C00A9A7CB /* Network.swift in Sources */,
				D1311888259B6B9400897DF4 /* ReusableView.swift in Sources */,
				DA05097A25A2176300DDB916 /* photoCollectionViewCell.swift in Sources */,
				D1B444E4259F09C5005C2C68 /* DetailViewController.swift in Sources */,
				D131188B259B6BA000897DF4 /* UICollectionView+.swift in Sources */,
				D1B44508259F1447005C2C68 /* BaseViewController.swift in Sources */,
				DAB3225925A72A520098175E /* DatePickerViewController.swift in Sources */,
				D1311892259B6BB300897DF4 /* UITableView+.swift in Sources */,
				D1B65A142598CE6400A9A7CB /* Util.swift in Sources */,
				DA050956259F692E00DDB916 /* UIImage+.swift in Sources */,
				D1311895259B6BBF00897DF4 /* UITableViewCell+.swift in Sources */,
				DA6D898525A5A98E00CF47C4 /* AppointmentViewController.swift in Sources */,
				D13118A3259B70EF00897DF4 /* KeychainStorage.swift in Sources */,
				D1B444EE259F0A10005C2C68 /* CommunicationViewController.swift in Sources */,
				DA050946259F343E00DDB916 /* CameraWorkViewController.swift in Sources */,
				D1311898259B6BD100897DF4 /* UIColor+.swift in Sources */,
				D13118A6259B718900897DF4 /* CALayer+.swift in Sources */,
				D19179E8259890A40035AF74 /* SceneDelegate.swift in Sources */,
			);
			runOnlyForDeploymentPostprocessing = 0;
		};
/* End PBXSourcesBuildPhase section */

/* Begin PBXVariantGroup section */
		D19179F0259890A70035AF74 /* LaunchScreen.storyboard */ = {
			isa = PBXVariantGroup;
			children = (
				D19179F1259890A70035AF74 /* Base */,
			);
			name = LaunchScreen.storyboard;
			sourceTree = "<group>";
		};
/* End PBXVariantGroup section */

/* Begin XCBuildConfiguration section */
		D19179F4259890A70035AF74 /* Debug */ = {
			isa = XCBuildConfiguration;
			buildSettings = {
				ALWAYS_SEARCH_USER_PATHS = NO;
				CLANG_ANALYZER_NONNULL = YES;
				CLANG_ANALYZER_NUMBER_OBJECT_CONVERSION = YES_AGGRESSIVE;
				CLANG_CXX_LANGUAGE_STANDARD = "gnu++14";
				CLANG_CXX_LIBRARY = "libc++";
				CLANG_ENABLE_MODULES = YES;
				CLANG_ENABLE_OBJC_ARC = YES;
				CLANG_ENABLE_OBJC_WEAK = YES;
				CLANG_WARN_BLOCK_CAPTURE_AUTORELEASING = YES;
				CLANG_WARN_BOOL_CONVERSION = YES;
				CLANG_WARN_COMMA = YES;
				CLANG_WARN_CONSTANT_CONVERSION = YES;
				CLANG_WARN_DEPRECATED_OBJC_IMPLEMENTATIONS = YES;
				CLANG_WARN_DIRECT_OBJC_ISA_USAGE = YES_ERROR;
				CLANG_WARN_DOCUMENTATION_COMMENTS = YES;
				CLANG_WARN_EMPTY_BODY = YES;
				CLANG_WARN_ENUM_CONVERSION = YES;
				CLANG_WARN_INFINITE_RECURSION = YES;
				CLANG_WARN_INT_CONVERSION = YES;
				CLANG_WARN_NON_LITERAL_NULL_CONVERSION = YES;
				CLANG_WARN_OBJC_IMPLICIT_RETAIN_SELF = YES;
				CLANG_WARN_OBJC_LITERAL_CONVERSION = YES;
				CLANG_WARN_OBJC_ROOT_CLASS = YES_ERROR;
				CLANG_WARN_QUOTED_INCLUDE_IN_FRAMEWORK_HEADER = YES;
				CLANG_WARN_RANGE_LOOP_ANALYSIS = YES;
				CLANG_WARN_STRICT_PROTOTYPES = YES;
				CLANG_WARN_SUSPICIOUS_MOVE = YES;
				CLANG_WARN_UNGUARDED_AVAILABILITY = YES_AGGRESSIVE;
				CLANG_WARN_UNREACHABLE_CODE = YES;
				CLANG_WARN__DUPLICATE_METHOD_MATCH = YES;
				COPY_PHASE_STRIP = NO;
				DEBUG_INFORMATION_FORMAT = dwarf;
				ENABLE_STRICT_OBJC_MSGSEND = YES;
				ENABLE_TESTABILITY = YES;
				GCC_C_LANGUAGE_STANDARD = gnu11;
				GCC_DYNAMIC_NO_PIC = NO;
				GCC_NO_COMMON_BLOCKS = YES;
				GCC_OPTIMIZATION_LEVEL = 0;
				GCC_PREPROCESSOR_DEFINITIONS = (
					"DEBUG=1",
					"$(inherited)",
				);
				GCC_WARN_64_TO_32_BIT_CONVERSION = YES;
				GCC_WARN_ABOUT_RETURN_TYPE = YES_ERROR;
				GCC_WARN_UNDECLARED_SELECTOR = YES;
				GCC_WARN_UNINITIALIZED_AUTOS = YES_AGGRESSIVE;
				GCC_WARN_UNUSED_FUNCTION = YES;
				GCC_WARN_UNUSED_VARIABLE = YES;
				IPHONEOS_DEPLOYMENT_TARGET = 14.3;
				MTL_ENABLE_DEBUG_INFO = INCLUDE_SOURCE;
				MTL_FAST_MATH = YES;
				ONLY_ACTIVE_ARCH = YES;
				SDKROOT = iphoneos;
				SWIFT_ACTIVE_COMPILATION_CONDITIONS = DEBUG;
				SWIFT_OPTIMIZATION_LEVEL = "-Onone";
			};
			name = Debug;
		};
		D19179F5259890A70035AF74 /* Release */ = {
			isa = XCBuildConfiguration;
			buildSettings = {
				ALWAYS_SEARCH_USER_PATHS = NO;
				CLANG_ANALYZER_NONNULL = YES;
				CLANG_ANALYZER_NUMBER_OBJECT_CONVERSION = YES_AGGRESSIVE;
				CLANG_CXX_LANGUAGE_STANDARD = "gnu++14";
				CLANG_CXX_LIBRARY = "libc++";
				CLANG_ENABLE_MODULES = YES;
				CLANG_ENABLE_OBJC_ARC = YES;
				CLANG_ENABLE_OBJC_WEAK = YES;
				CLANG_WARN_BLOCK_CAPTURE_AUTORELEASING = YES;
				CLANG_WARN_BOOL_CONVERSION = YES;
				CLANG_WARN_COMMA = YES;
				CLANG_WARN_CONSTANT_CONVERSION = YES;
				CLANG_WARN_DEPRECATED_OBJC_IMPLEMENTATIONS = YES;
				CLANG_WARN_DIRECT_OBJC_ISA_USAGE = YES_ERROR;
				CLANG_WARN_DOCUMENTATION_COMMENTS = YES;
				CLANG_WARN_EMPTY_BODY = YES;
				CLANG_WARN_ENUM_CONVERSION = YES;
				CLANG_WARN_INFINITE_RECURSION = YES;
				CLANG_WARN_INT_CONVERSION = YES;
				CLANG_WARN_NON_LITERAL_NULL_CONVERSION = YES;
				CLANG_WARN_OBJC_IMPLICIT_RETAIN_SELF = YES;
				CLANG_WARN_OBJC_LITERAL_CONVERSION = YES;
				CLANG_WARN_OBJC_ROOT_CLASS = YES_ERROR;
				CLANG_WARN_QUOTED_INCLUDE_IN_FRAMEWORK_HEADER = YES;
				CLANG_WARN_RANGE_LOOP_ANALYSIS = YES;
				CLANG_WARN_STRICT_PROTOTYPES = YES;
				CLANG_WARN_SUSPICIOUS_MOVE = YES;
				CLANG_WARN_UNGUARDED_AVAILABILITY = YES_AGGRESSIVE;
				CLANG_WARN_UNREACHABLE_CODE = YES;
				CLANG_WARN__DUPLICATE_METHOD_MATCH = YES;
				COPY_PHASE_STRIP = NO;
				DEBUG_INFORMATION_FORMAT = "dwarf-with-dsym";
				ENABLE_NS_ASSERTIONS = NO;
				ENABLE_STRICT_OBJC_MSGSEND = YES;
				GCC_C_LANGUAGE_STANDARD = gnu11;
				GCC_NO_COMMON_BLOCKS = YES;
				GCC_WARN_64_TO_32_BIT_CONVERSION = YES;
				GCC_WARN_ABOUT_RETURN_TYPE = YES_ERROR;
				GCC_WARN_UNDECLARED_SELECTOR = YES;
				GCC_WARN_UNINITIALIZED_AUTOS = YES_AGGRESSIVE;
				GCC_WARN_UNUSED_FUNCTION = YES;
				GCC_WARN_UNUSED_VARIABLE = YES;
				IPHONEOS_DEPLOYMENT_TARGET = 14.3;
				MTL_ENABLE_DEBUG_INFO = NO;
				MTL_FAST_MATH = YES;
				SDKROOT = iphoneos;
				SWIFT_COMPILATION_MODE = wholemodule;
				SWIFT_OPTIMIZATION_LEVEL = "-O";
				VALIDATE_PRODUCT = YES;
			};
			name = Release;
		};
		D19179F7259890A70035AF74 /* Debug */ = {
			isa = XCBuildConfiguration;
			buildSettings = {
				ASSETCATALOG_COMPILER_APPICON_NAME = AppIcon;
				ASSETCATALOG_COMPILER_GLOBAL_ACCENT_COLOR_NAME = AccentColor;
				CODE_SIGN_STYLE = Automatic;
				DEVELOPMENT_TEAM = 7Y3Y9M4N4F;
				INFOPLIST_FILE = Housing/Supports/Info.plist;
				IPHONEOS_DEPLOYMENT_TARGET = 13.0;
				LD_RUNPATH_SEARCH_PATHS = (
					"$(inherited)",
					"@executable_path/Frameworks",
				);
				PRODUCT_BUNDLE_IDENTIFIER = com.housing.Housings;
				PRODUCT_NAME = "$(TARGET_NAME)";
				SWIFT_VERSION = 5.0;
				TARGETED_DEVICE_FAMILY = 1;
			};
			name = Debug;
		};
		D19179F8259890A70035AF74 /* Release */ = {
			isa = XCBuildConfiguration;
			buildSettings = {
				ASSETCATALOG_COMPILER_APPICON_NAME = AppIcon;
				ASSETCATALOG_COMPILER_GLOBAL_ACCENT_COLOR_NAME = AccentColor;
				CODE_SIGN_STYLE = Automatic;
				DEVELOPMENT_TEAM = 7Y3Y9M4N4F;
				INFOPLIST_FILE = Housing/Supports/Info.plist;
				IPHONEOS_DEPLOYMENT_TARGET = 13.0;
				LD_RUNPATH_SEARCH_PATHS = (
					"$(inherited)",
					"@executable_path/Frameworks",
				);
				PRODUCT_BUNDLE_IDENTIFIER = com.housing.Housings;
				PRODUCT_NAME = "$(TARGET_NAME)";
				SWIFT_VERSION = 5.0;
				TARGETED_DEVICE_FAMILY = 1;
			};
			name = Release;
		};
/* End XCBuildConfiguration section */

/* Begin XCConfigurationList section */
		D19179DD259890A40035AF74 /* Build configuration list for PBXProject "Housing" */ = {
			isa = XCConfigurationList;
			buildConfigurations = (
				D19179F4259890A70035AF74 /* Debug */,
				D19179F5259890A70035AF74 /* Release */,
			);
			defaultConfigurationIsVisible = 0;
			defaultConfigurationName = Release;
		};
		D19179F6259890A70035AF74 /* Build configuration list for PBXNativeTarget "Housing" */ = {
			isa = XCConfigurationList;
			buildConfigurations = (
				D19179F7259890A70035AF74 /* Debug */,
				D19179F8259890A70035AF74 /* Release */,
			);
			defaultConfigurationIsVisible = 0;
			defaultConfigurationName = Release;
		};
/* End XCConfigurationList section */

/* Begin XCRemoteSwiftPackageReference section */
		D1B65A162598D16600A9A7CB /* XCRemoteSwiftPackageReference "RxSwift" */ = {
			isa = XCRemoteSwiftPackageReference;
			repositoryURL = "https://github.com/ReactiveX/RxSwift";
			requirement = {
				kind = upToNextMajorVersion;
				minimumVersion = 5.1.1;
			};
		};
		D1B65A1E2598D1FF00A9A7CB /* XCRemoteSwiftPackageReference "Kingfisher" */ = {
			isa = XCRemoteSwiftPackageReference;
			repositoryURL = "https://github.com/onevcat/Kingfisher";
			requirement = {
				kind = upToNextMajorVersion;
				minimumVersion = 5.15.8;
			};
		};
		D1B65A222598D21F00A9A7CB /* XCRemoteSwiftPackageReference "SnapKit" */ = {
			isa = XCRemoteSwiftPackageReference;
			repositoryURL = "https://github.com/SnapKit/SnapKit";
			requirement = {
				kind = upToNextMajorVersion;
				minimumVersion = 5.0.1;
			};
		};
		D1B65A262598D24C00A9A7CB /* XCRemoteSwiftPackageReference "Alamofire" */ = {
			isa = XCRemoteSwiftPackageReference;
			repositoryURL = "https://github.com/Alamofire/Alamofire";
			requirement = {
				kind = upToNextMajorVersion;
				minimumVersion = 5.2.0;
			};
		};
		D1B65A2A2598D27D00A9A7CB /* XCRemoteSwiftPackageReference "Then" */ = {
			isa = XCRemoteSwiftPackageReference;
			repositoryURL = "https://github.com/devxoul/Then";
			requirement = {
				kind = upToNextMajorVersion;
				minimumVersion = 2.7.0;
			};
		};
		DA050963259F801A00DDB916 /* XCRemoteSwiftPackageReference "SwiftKeychainWrapper" */ = {
			isa = XCRemoteSwiftPackageReference;
			repositoryURL = "https://github.com/jrendel/SwiftKeychainWrapper";
			requirement = {
				kind = upToNextMajorVersion;
				minimumVersion = 4.0.1;
			};
		};
		DA05097025A0722000DDB916 /* XCRemoteSwiftPackageReference "YPImagePicker" */ = {
			isa = XCRemoteSwiftPackageReference;
			repositoryURL = "https://github.com/Yummypets/YPImagePicker";
			requirement = {
				branch = spm;
				kind = branch;
			};
		};
		DA10C687259B3C3F00AC91D9 /* XCRemoteSwiftPackageReference "FSCalendar" */ = {
			isa = XCRemoteSwiftPackageReference;
			repositoryURL = "https://github.com/WenchaoD/FSCalendar.git";
			requirement = {
				kind = upToNextMajorVersion;
				minimumVersion = 2.8.2;
			};
		};
/* End XCRemoteSwiftPackageReference section */

/* Begin XCSwiftPackageProductDependency section */
		D1B65A172598D16600A9A7CB /* RxSwift */ = {
			isa = XCSwiftPackageProductDependency;
			package = D1B65A162598D16600A9A7CB /* XCRemoteSwiftPackageReference "RxSwift" */;
			productName = RxSwift;
		};
		D1B65A192598D16600A9A7CB /* RxCocoa */ = {
			isa = XCSwiftPackageProductDependency;
			package = D1B65A162598D16600A9A7CB /* XCRemoteSwiftPackageReference "RxSwift" */;
			productName = RxCocoa;
		};
		D1B65A1B2598D16600A9A7CB /* RxRelay */ = {
			isa = XCSwiftPackageProductDependency;
			package = D1B65A162598D16600A9A7CB /* XCRemoteSwiftPackageReference "RxSwift" */;
			productName = RxRelay;
		};
		D1B65A1F2598D1FF00A9A7CB /* Kingfisher */ = {
			isa = XCSwiftPackageProductDependency;
			package = D1B65A1E2598D1FF00A9A7CB /* XCRemoteSwiftPackageReference "Kingfisher" */;
			productName = Kingfisher;
		};
		D1B65A232598D21F00A9A7CB /* SnapKit */ = {
			isa = XCSwiftPackageProductDependency;
			package = D1B65A222598D21F00A9A7CB /* XCRemoteSwiftPackageReference "SnapKit" */;
			productName = SnapKit;
		};
		D1B65A272598D24D00A9A7CB /* Alamofire */ = {
			isa = XCSwiftPackageProductDependency;
			package = D1B65A262598D24C00A9A7CB /* XCRemoteSwiftPackageReference "Alamofire" */;
			productName = Alamofire;
		};
		D1B65A2B2598D27D00A9A7CB /* Then */ = {
			isa = XCSwiftPackageProductDependency;
			package = D1B65A2A2598D27D00A9A7CB /* XCRemoteSwiftPackageReference "Then" */;
			productName = Then;
		};
		DA050964259F801A00DDB916 /* SwiftKeychainWrapper */ = {
			isa = XCSwiftPackageProductDependency;
			package = DA050963259F801A00DDB916 /* XCRemoteSwiftPackageReference "SwiftKeychainWrapper" */;
			productName = SwiftKeychainWrapper;
		};
		DA05097125A0722000DDB916 /* YPImagePicker */ = {
			isa = XCSwiftPackageProductDependency;
			package = DA05097025A0722000DDB916 /* XCRemoteSwiftPackageReference "YPImagePicker" */;
			productName = YPImagePicker;
		};
		DA10C688259B3C3F00AC91D9 /* FSCalendar */ = {
			isa = XCSwiftPackageProductDependency;
			package = DA10C687259B3C3F00AC91D9 /* XCRemoteSwiftPackageReference "FSCalendar" */;
			productName = FSCalendar;
		};
/* End XCSwiftPackageProductDependency section */
	};
	rootObject = D19179DA259890A40035AF74 /* Project object */;
}
