// !$*UTF8*$!
{
	archiveVersion = 1;
	classes = {
	};
	objectVersion = 52;
	objects = {

/* Begin PBXBuildFile section */
		1F53BA5125AE9AE30048CDAB /* Host.swift in Sources */ = {isa = PBXBuildFile; fileRef = 1F53BA5025AE9AE30048CDAB /* Host.swift */; };
		1F8ECE5425A5A6FF00C0E0FA /* Signup.storyboard in Resources */ = {isa = PBXBuildFile; fileRef = 1F8ECE5325A5A6FF00C0E0FA /* Signup.storyboard */; };
		1F8ECE5725A5A71300C0E0FA /* SignupViewController.swift in Sources */ = {isa = PBXBuildFile; fileRef = 1F8ECE5625A5A71300C0E0FA /* SignupViewController.swift */; };
		1F8ECE8925A700B900C0E0FA /* AddressViewController.swift in Sources */ = {isa = PBXBuildFile; fileRef = 1F8ECE8825A700B900C0E0FA /* AddressViewController.swift */; };
		1F8ECE8C25A7138100C0E0FA /* SignupCompleteViewController.swift in Sources */ = {isa = PBXBuildFile; fileRef = 1F8ECE8B25A7138100C0E0FA /* SignupCompleteViewController.swift */; };
		1FA03DDA25A846F100AF0326 /* NoticeFooterCollectionViewCell.swift in Sources */ = {isa = PBXBuildFile; fileRef = 1FA03DD925A846F100AF0326 /* NoticeFooterCollectionViewCell.swift */; };
		1FA03DE025A8470700AF0326 /* NoticeHeaderCollectionViewCell.swift in Sources */ = {isa = PBXBuildFile; fileRef = 1FA03DDF25A8470700AF0326 /* NoticeHeaderCollectionViewCell.swift */; };
		1FA03DE325A8471300AF0326 /* NoticeInformationCollectionViewCell.swift in Sources */ = {isa = PBXBuildFile; fileRef = 1FA03DE225A8471300AF0326 /* NoticeInformationCollectionViewCell.swift */; };
		1FA03DE625A8472200AF0326 /* NoticeViewController.swift in Sources */ = {isa = PBXBuildFile; fileRef = 1FA03DE525A8472200AF0326 /* NoticeViewController.swift */; };
		1FA03DE925A8473000AF0326 /* Notice.storyboard in Resources */ = {isa = PBXBuildFile; fileRef = 1FA03DE825A8473000AF0326 /* Notice.storyboard */; };
		1FA03DED25A86E5600AF0326 /* VerifyCodeViewController.swift in Sources */ = {isa = PBXBuildFile; fileRef = 1FA03DEC25A86E5600AF0326 /* VerifyCodeViewController.swift */; };
		1FA03DF125A870D200AF0326 /* DetailNoticeViewController.swift in Sources */ = {isa = PBXBuildFile; fileRef = 1FA03DF025A870D200AF0326 /* DetailNoticeViewController.swift */; };
		1FACC31925AD747B0072EABA /* SwiftyJSON in Frameworks */ = {isa = PBXBuildFile; productRef = 1FACC31825AD747B0072EABA /* SwiftyJSON */; };
		1FCC3A3825B0167B00A20DEF /* Notice.swift in Sources */ = {isa = PBXBuildFile; fileRef = 1FCC3A3725B0167B00A20DEF /* Notice.swift */; };
		37105A0B25A6FB7A005FA220 /* CompleteTableViewCell.swift in Sources */ = {isa = PBXBuildFile; fileRef = 37105A0A25A6FB7A005FA220 /* CompleteTableViewCell.swift */; };
		37105A0E25A6FB8A005FA220 /* IncompleteTableViewCell.swift in Sources */ = {isa = PBXBuildFile; fileRef = 37105A0D25A6FB8A005FA220 /* IncompleteTableViewCell.swift */; };
		371878A725A4A6E200803944 /* ContentTableViewCell.swift in Sources */ = {isa = PBXBuildFile; fileRef = 371878A625A4A6E200803944 /* ContentTableViewCell.swift */; };
		37259E8D25A829EF006550AF /* EmptyComTableViewCell.swift in Sources */ = {isa = PBXBuildFile; fileRef = 37259E8C25A829EF006550AF /* EmptyComTableViewCell.swift */; };
		37259E9025A82A22006550AF /* EmptyIncomTableViewCell.swift in Sources */ = {isa = PBXBuildFile; fileRef = 37259E8F25A82A22006550AF /* EmptyIncomTableViewCell.swift */; };
		3799A14C25AA342200A8E03E /* RealEmptyTableViewCell.swift in Sources */ = {isa = PBXBuildFile; fileRef = 3799A14B25AA342200A8E03E /* RealEmptyTableViewCell.swift */; };
		7D82BD0A7BDB673C00E7A6B8 /* Pods_Housing.framework in Frameworks */ = {isa = PBXBuildFile; fileRef = EE989042B75B926FB7CC268C /* Pods_Housing.framework */; };
		CC096D5525A2415E00E07017 /* ContentViewController.swift in Sources */ = {isa = PBXBuildFile; fileRef = CC096D5425A2415E00E07017 /* ContentViewController.swift */; };
		CC42D05F25A74D21002A461D /* MessageTableViewCell.swift in Sources */ = {isa = PBXBuildFile; fileRef = CC42D05E25A74D21002A461D /* MessageTableViewCell.swift */; };
		CC42D06225A74E54002A461D /* MessageDetailTableViewCell.swift in Sources */ = {isa = PBXBuildFile; fileRef = CC42D06125A74E54002A461D /* MessageDetailTableViewCell.swift */; };
		CC42D06525A7551C002A461D /* MessageCard.swift in Sources */ = {isa = PBXBuildFile; fileRef = CC42D06425A7551C002A461D /* MessageCard.swift */; };
		CC6740E425ACADE500EAE4C0 /* CommunicationService.swift in Sources */ = {isa = PBXBuildFile; fileRef = CC6740E325ACADE500EAE4C0 /* CommunicationService.swift */; };
		CC6740E725ACADEE00EAE4C0 /* DetailService.swift in Sources */ = {isa = PBXBuildFile; fileRef = CC6740E625ACADEE00EAE4C0 /* DetailService.swift */; };
		CC6740EA25ACADF900EAE4C0 /* PromiseService.swift in Sources */ = {isa = PBXBuildFile; fileRef = CC6740E925ACADF900EAE4C0 /* PromiseService.swift */; };
		CC6740EE25ACAFB300EAE4C0 /* CalendarService.swift in Sources */ = {isa = PBXBuildFile; fileRef = CC6740ED25ACAFB300EAE4C0 /* CalendarService.swift */; };
		CC6740F225ACB03F00EAE4C0 /* NoticeService.swift in Sources */ = {isa = PBXBuildFile; fileRef = CC6740F125ACB03F00EAE4C0 /* NoticeService.swift */; };
		CC6A1DF825A58C6C00C86865 /* AddedImageCollectionViewCell.swift in Sources */ = {isa = PBXBuildFile; fileRef = CC6A1DF725A58C6C00C86865 /* AddedImageCollectionViewCell.swift */; };
		CC6A1E0425A5A2A800C86865 /* UIImageView+.swift in Sources */ = {isa = PBXBuildFile; fileRef = CC6A1E0325A5A2A800C86865 /* UIImageView+.swift */; };
		CC6A1E0E25A5AE6C00C86865 /* MessageViewController.swift in Sources */ = {isa = PBXBuildFile; fileRef = CC6A1E0D25A5AE6C00C86865 /* MessageViewController.swift */; };
		CC74425F25AD8B6000D04E4D /* Detail.swift in Sources */ = {isa = PBXBuildFile; fileRef = CC74425E25AD8B6000D04E4D /* Detail.swift */; };
		CC74427925AF4CAB00D04E4D /* EmptyTableViewCell.swift in Sources */ = {isa = PBXBuildFile; fileRef = CC74427825AF4CAB00D04E4D /* EmptyTableViewCell.swift */; };
		CC74427D25AF5CAB00D04E4D /* Calendar.storyboard in Resources */ = {isa = PBXBuildFile; fileRef = CC74427C25AF5CAB00D04E4D /* Calendar.storyboard */; };
		CC8B595025A4964200EC3AC7 /* RequestTableViewCell.swift in Sources */ = {isa = PBXBuildFile; fileRef = CC8B594F25A4964200EC3AC7 /* RequestTableViewCell.swift */; };
		CC8B595325A496A100EC3AC7 /* CommunicateMethodTableViewCell.swift in Sources */ = {isa = PBXBuildFile; fileRef = CC8B595225A496A100EC3AC7 /* CommunicateMethodTableViewCell.swift */; };
		CC8B595625A496B300EC3AC7 /* MethodDetailTableViewCell.swift in Sources */ = {isa = PBXBuildFile; fileRef = CC8B595525A496B300EC3AC7 /* MethodDetailTableViewCell.swift */; };
		CC8B595A25A498B200EC3AC7 /* CommunicationMethod.swift in Sources */ = {isa = PBXBuildFile; fileRef = CC8B595925A498B200EC3AC7 /* CommunicationMethod.swift */; };
		CC8B596025A49F6D00EC3AC7 /* AddedImageTableViewCell.swift in Sources */ = {isa = PBXBuildFile; fileRef = CC8B595F25A49F6D00EC3AC7 /* AddedImageTableViewCell.swift */; };
		CC8C35F125A83E33002D7304 /* ConfirmViewController.swift in Sources */ = {isa = PBXBuildFile; fileRef = CC8C35F025A83E33002D7304 /* ConfirmViewController.swift */; };
		CC8C35F425A83E79002D7304 /* ConfirmTableViewCell.swift in Sources */ = {isa = PBXBuildFile; fileRef = CC8C35F325A83E79002D7304 /* ConfirmTableViewCell.swift */; };
		D11C1BE125A1FE68002606B2 /* CalendarCollectionViewCell.swift in Sources */ = {isa = PBXBuildFile; fileRef = D11C1BE025A1FE68002606B2 /* CalendarCollectionViewCell.swift */; };
		D11C1BE625A201AD002606B2 /* UICollectionReusableView+.swift in Sources */ = {isa = PBXBuildFile; fileRef = D11C1BE525A201AD002606B2 /* UICollectionReusableView+.swift */; };
		D11C1BEB25A20265002606B2 /* CalendarCollectionReusableView.swift in Sources */ = {isa = PBXBuildFile; fileRef = D11C1BEA25A20265002606B2 /* CalendarCollectionReusableView.swift */; };
		D11C1BEF25A2083B002606B2 /* NoticeCollectionViewCell.swift in Sources */ = {isa = PBXBuildFile; fileRef = D11C1BEE25A2083B002606B2 /* NoticeCollectionViewCell.swift */; };
		D12D6DE125A1C84200E9A43A /* BaskervilleFont.swift in Sources */ = {isa = PBXBuildFile; fileRef = D12D6DE025A1C84200E9A43A /* BaskervilleFont.swift */; };
		D12D6DE625A1C92D00E9A43A /* TabBarViewController.swift in Sources */ = {isa = PBXBuildFile; fileRef = D12D6DE525A1C92D00E9A43A /* TabBarViewController.swift */; };
		D1311888259B6B9400897DF4 /* ReusableView.swift in Sources */ = {isa = PBXBuildFile; fileRef = D1311887259B6B9400897DF4 /* ReusableView.swift */; };
		D131188B259B6BA000897DF4 /* UICollectionView+.swift in Sources */ = {isa = PBXBuildFile; fileRef = D131188A259B6BA000897DF4 /* UICollectionView+.swift */; };
		D131188E259B6BA900897DF4 /* UICollectionViewCell+.swift in Sources */ = {isa = PBXBuildFile; fileRef = D131188D259B6BA900897DF4 /* UICollectionViewCell+.swift */; };
		D1311892259B6BB300897DF4 /* UITableView+.swift in Sources */ = {isa = PBXBuildFile; fileRef = D1311891259B6BB300897DF4 /* UITableView+.swift */; };
		D1311895259B6BBF00897DF4 /* UITableViewCell+.swift in Sources */ = {isa = PBXBuildFile; fileRef = D1311894259B6BBF00897DF4 /* UITableViewCell+.swift */; };
		D1311898259B6BD100897DF4 /* UIColor+.swift in Sources */ = {isa = PBXBuildFile; fileRef = D1311897259B6BD100897DF4 /* UIColor+.swift */; };
		D131189B259B6BD800897DF4 /* UIView+.swift in Sources */ = {isa = PBXBuildFile; fileRef = D131189A259B6BD800897DF4 /* UIView+.swift */; };
		D131189E259B6BE300897DF4 /* UIViewController+.swift in Sources */ = {isa = PBXBuildFile; fileRef = D131189D259B6BE300897DF4 /* UIViewController+.swift */; };
		D13118A3259B70EF00897DF4 /* KeychainStorage.swift in Sources */ = {isa = PBXBuildFile; fileRef = D13118A2259B70EF00897DF4 /* KeychainStorage.swift */; };
		D13118A6259B718900897DF4 /* CALayer+.swift in Sources */ = {isa = PBXBuildFile; fileRef = D13118A5259B718900897DF4 /* CALayer+.swift */; };
		D15824B125AD321A0098B5AF /* ResponseType.swift in Sources */ = {isa = PBXBuildFile; fileRef = D15824B025AD321A0098B5AF /* ResponseType.swift */; };
		D15824B825AD32920098B5AF /* Calendar.swift in Sources */ = {isa = PBXBuildFile; fileRef = D15824B725AD32920098B5AF /* Calendar.swift */; };
		D15824E125AF201C0098B5AF /* EmptyCalendarCollectionViewCell.swift in Sources */ = {isa = PBXBuildFile; fileRef = D15824E025AF201C0098B5AF /* EmptyCalendarCollectionViewCell.swift */; };
		D16C797B25B0773900BB22D1 /* EmptyDetailTableViewCell.swift in Sources */ = {isa = PBXBuildFile; fileRef = D16C797A25B0773900BB22D1 /* EmptyDetailTableViewCell.swift */; };
		D19179E6259890A40035AF74 /* AppDelegate.swift in Sources */ = {isa = PBXBuildFile; fileRef = D19179E5259890A40035AF74 /* AppDelegate.swift */; };
		D19179E8259890A40035AF74 /* SceneDelegate.swift in Sources */ = {isa = PBXBuildFile; fileRef = D19179E7259890A40035AF74 /* SceneDelegate.swift */; };
		D19179EA259890A40035AF74 /* SplashViewController.swift in Sources */ = {isa = PBXBuildFile; fileRef = D19179E9259890A40035AF74 /* SplashViewController.swift */; };
		D19179EF259890A70035AF74 /* Assets.xcassets in Resources */ = {isa = PBXBuildFile; fileRef = D19179EE259890A70035AF74 /* Assets.xcassets */; };
		D19179F2259890A70035AF74 /* LaunchScreen.storyboard in Resources */ = {isa = PBXBuildFile; fileRef = D19179F0259890A70035AF74 /* LaunchScreen.storyboard */; };
		D1B0387125A8D3BF0092CE4F /* InfoViewController.swift in Sources */ = {isa = PBXBuildFile; fileRef = D1B0387025A8D3BF0092CE4F /* InfoViewController.swift */; };
		D1B0387525A8E65A0092CE4F /* RxKeyboard in Frameworks */ = {isa = PBXBuildFile; productRef = D1B0387425A8E65A0092CE4F /* RxKeyboard */; };
		D1B444D9259F095F005C2C68 /* CalendarViewController.swift in Sources */ = {isa = PBXBuildFile; fileRef = D1B444D8259F095F005C2C68 /* CalendarViewController.swift */; };
		D1B444DD259F096C005C2C68 /* PromiseViewController.swift in Sources */ = {isa = PBXBuildFile; fileRef = D1B444DC259F096C005C2C68 /* PromiseViewController.swift */; };
		D1B444E4259F09C5005C2C68 /* DetailViewController.swift in Sources */ = {isa = PBXBuildFile; fileRef = D1B444E3259F09C5005C2C68 /* DetailViewController.swift */; };
		D1B444E7259F09DD005C2C68 /* Detail.storyboard in Resources */ = {isa = PBXBuildFile; fileRef = D1B444E6259F09DD005C2C68 /* Detail.storyboard */; };
		D1B444EA259F09FF005C2C68 /* Communication.storyboard in Resources */ = {isa = PBXBuildFile; fileRef = D1B444E9259F09FF005C2C68 /* Communication.storyboard */; };
		D1B444EE259F0A10005C2C68 /* CommunicationViewController.swift in Sources */ = {isa = PBXBuildFile; fileRef = D1B444ED259F0A10005C2C68 /* CommunicationViewController.swift */; };
		D1B444FA259F0A9E005C2C68 /* Home.storyboard in Resources */ = {isa = PBXBuildFile; fileRef = D1B444F9259F0A9E005C2C68 /* Home.storyboard */; };
		D1B444FF259F0B13005C2C68 /* HomeViewController.swift in Sources */ = {isa = PBXBuildFile; fileRef = D1B444FE259F0B13005C2C68 /* HomeViewController.swift */; };
		D1B44505259F0FCE005C2C68 /* StoryboardStorage.swift in Sources */ = {isa = PBXBuildFile; fileRef = D1B44504259F0FCE005C2C68 /* StoryboardStorage.swift */; };
		D1B44508259F1447005C2C68 /* BaseViewController.swift in Sources */ = {isa = PBXBuildFile; fileRef = D1B44507259F1447005C2C68 /* BaseViewController.swift */; };
		D1B4450E259F1D4A005C2C68 /* Login.storyboard in Resources */ = {isa = PBXBuildFile; fileRef = D1B4450D259F1D4A005C2C68 /* Login.storyboard */; };
		D1B44511259F1D5A005C2C68 /* LoginViewController.swift in Sources */ = {isa = PBXBuildFile; fileRef = D1B44510259F1D5A005C2C68 /* LoginViewController.swift */; };
		D1B65A182598D16600A9A7CB /* RxSwift in Frameworks */ = {isa = PBXBuildFile; productRef = D1B65A172598D16600A9A7CB /* RxSwift */; };
		D1B65A1A2598D16600A9A7CB /* RxCocoa in Frameworks */ = {isa = PBXBuildFile; productRef = D1B65A192598D16600A9A7CB /* RxCocoa */; };
		D1B65A1C2598D16600A9A7CB /* RxRelay in Frameworks */ = {isa = PBXBuildFile; productRef = D1B65A1B2598D16600A9A7CB /* RxRelay */; };
		D1B65A202598D1FF00A9A7CB /* Kingfisher in Frameworks */ = {isa = PBXBuildFile; productRef = D1B65A1F2598D1FF00A9A7CB /* Kingfisher */; };
		D1B65A242598D21F00A9A7CB /* SnapKit in Frameworks */ = {isa = PBXBuildFile; productRef = D1B65A232598D21F00A9A7CB /* SnapKit */; };
		D1B65A282598D24D00A9A7CB /* Alamofire in Frameworks */ = {isa = PBXBuildFile; productRef = D1B65A272598D24D00A9A7CB /* Alamofire */; };
		D1B65A2C2598D27D00A9A7CB /* Then in Frameworks */ = {isa = PBXBuildFile; productRef = D1B65A2B2598D27D00A9A7CB /* Then */; };
		D1CF646C25AC236E009A39EC /* Moya in Frameworks */ = {isa = PBXBuildFile; productRef = D1CF646B25AC236E009A39EC /* Moya */; };
		D1CF646E25AC236E009A39EC /* ReactiveMoya in Frameworks */ = {isa = PBXBuildFile; productRef = D1CF646D25AC236E009A39EC /* ReactiveMoya */; };
		D1CF647025AC236E009A39EC /* RxMoya in Frameworks */ = {isa = PBXBuildFile; productRef = D1CF646F25AC236E009A39EC /* RxMoya */; };
		D1CF647725AC2464009A39EC /* UserService.swift in Sources */ = {isa = PBXBuildFile; fileRef = D1CF647625AC2464009A39EC /* UserService.swift */; };
		D1CF647B25AC26A8009A39EC /* MoyaNetworkLogger.swift in Sources */ = {isa = PBXBuildFile; fileRef = D1CF647A25AC26A8009A39EC /* MoyaNetworkLogger.swift */; };
		DA050946259F343E00DDB916 /* CameraWorkViewController.swift in Sources */ = {isa = PBXBuildFile; fileRef = DA050945259F343E00DDB916 /* CameraWorkViewController.swift */; };
		DA050956259F692E00DDB916 /* UIImage+.swift in Sources */ = {isa = PBXBuildFile; fileRef = DA050955259F692E00DDB916 /* UIImage+.swift */; };
		DA050965259F801A00DDB916 /* SwiftKeychainWrapper in Frameworks */ = {isa = PBXBuildFile; productRef = DA050964259F801A00DDB916 /* SwiftKeychainWrapper */; };
		DA05096C25A05A6100DDB916 /* RequestDataModel.swift in Sources */ = {isa = PBXBuildFile; fileRef = DA05096B25A05A6100DDB916 /* RequestDataModel.swift */; };
		DA05097225A0722000DDB916 /* YPImagePicker in Frameworks */ = {isa = PBXBuildFile; productRef = DA05097125A0722000DDB916 /* YPImagePicker */; };
		DA05097A25A2176300DDB916 /* photoCollectionViewCell.swift in Sources */ = {isa = PBXBuildFile; fileRef = DA05097925A2176300DDB916 /* photoCollectionViewCell.swift */; };
		DA10C689259B3C3F00AC91D9 /* FSCalendar in Frameworks */ = {isa = PBXBuildFile; productRef = DA10C688259B3C3F00AC91D9 /* FSCalendar */; };
		DA1A827725AAD41D00B1F56C /* AddNoticeViewController.swift in Sources */ = {isa = PBXBuildFile; fileRef = DA1A827625AAD41C00B1F56C /* AddNoticeViewController.swift */; };
		DA6D898525A5A98E00CF47C4 /* AppointmentViewController.swift in Sources */ = {isa = PBXBuildFile; fileRef = DA6D898425A5A98E00CF47C4 /* AppointmentViewController.swift */; };
		DA813FBF25A475E500D33AD2 /* AdditionalRequestViewController.swift in Sources */ = {isa = PBXBuildFile; fileRef = DA813FBE25A475E500D33AD2 /* AdditionalRequestViewController.swift */; };
		DA928D2525A98ED200DA8466 /* VerifyNumberViewController.swift in Sources */ = {isa = PBXBuildFile; fileRef = DA928D2425A98ED200DA8466 /* VerifyNumberViewController.swift */; };
		DAB3225925A72A520098175E /* DatePickerViewController.swift in Sources */ = {isa = PBXBuildFile; fileRef = DAB3225825A72A510098175E /* DatePickerViewController.swift */; };
		DAB3225C25A73F900098175E /* UIDatePicker+.swift in Sources */ = {isa = PBXBuildFile; fileRef = DAB3225B25A73F900098175E /* UIDatePicker+.swift */; };
		DAB322B125A80E3B0098175E /* TimeStampTableViewCell.swift in Sources */ = {isa = PBXBuildFile; fileRef = DAB322B025A80E3B0098175E /* TimeStampTableViewCell.swift */; };
		DAC7E48E25AF4E0300031102 /* Lottie in Frameworks */ = {isa = PBXBuildFile; productRef = DAC7E48D25AF4E0300031102 /* Lottie */; };
		DACAAB6025B0516B006745A6 /* timeOptions.swift in Sources */ = {isa = PBXBuildFile; fileRef = DACAAB5F25B0516B006745A6 /* timeOptions.swift */; };
/* End PBXBuildFile section */

/* Begin PBXFileReference section */
		1F53BA5025AE9AE30048CDAB /* Host.swift */ = {isa = PBXFileReference; lastKnownFileType = sourcecode.swift; path = Host.swift; sourceTree = "<group>"; };
		1F8ECE5325A5A6FF00C0E0FA /* Signup.storyboard */ = {isa = PBXFileReference; lastKnownFileType = file.storyboard; path = Signup.storyboard; sourceTree = "<group>"; };
		1F8ECE5625A5A71300C0E0FA /* SignupViewController.swift */ = {isa = PBXFileReference; lastKnownFileType = sourcecode.swift; path = SignupViewController.swift; sourceTree = "<group>"; };
		1F8ECE8825A700B900C0E0FA /* AddressViewController.swift */ = {isa = PBXFileReference; lastKnownFileType = sourcecode.swift; path = AddressViewController.swift; sourceTree = "<group>"; };
		1F8ECE8B25A7138100C0E0FA /* SignupCompleteViewController.swift */ = {isa = PBXFileReference; lastKnownFileType = sourcecode.swift; path = SignupCompleteViewController.swift; sourceTree = "<group>"; };
		1FA03DD925A846F100AF0326 /* NoticeFooterCollectionViewCell.swift */ = {isa = PBXFileReference; lastKnownFileType = sourcecode.swift; path = NoticeFooterCollectionViewCell.swift; sourceTree = "<group>"; };
		1FA03DDF25A8470700AF0326 /* NoticeHeaderCollectionViewCell.swift */ = {isa = PBXFileReference; lastKnownFileType = sourcecode.swift; path = NoticeHeaderCollectionViewCell.swift; sourceTree = "<group>"; };
		1FA03DE225A8471300AF0326 /* NoticeInformationCollectionViewCell.swift */ = {isa = PBXFileReference; lastKnownFileType = sourcecode.swift; path = NoticeInformationCollectionViewCell.swift; sourceTree = "<group>"; };
		1FA03DE525A8472200AF0326 /* NoticeViewController.swift */ = {isa = PBXFileReference; lastKnownFileType = sourcecode.swift; path = NoticeViewController.swift; sourceTree = "<group>"; };
		1FA03DE825A8473000AF0326 /* Notice.storyboard */ = {isa = PBXFileReference; lastKnownFileType = file.storyboard; path = Notice.storyboard; sourceTree = "<group>"; };
		1FA03DEC25A86E5600AF0326 /* VerifyCodeViewController.swift */ = {isa = PBXFileReference; lastKnownFileType = sourcecode.swift; path = VerifyCodeViewController.swift; sourceTree = "<group>"; };
		1FA03DF025A870D200AF0326 /* DetailNoticeViewController.swift */ = {isa = PBXFileReference; lastKnownFileType = sourcecode.swift; path = DetailNoticeViewController.swift; sourceTree = "<group>"; };
		1FCC3A3725B0167B00A20DEF /* Notice.swift */ = {isa = PBXFileReference; lastKnownFileType = sourcecode.swift; path = Notice.swift; sourceTree = "<group>"; };
		340DE7B3E8247CCAEA231AB4 /* Pods-Housing.release.xcconfig */ = {isa = PBXFileReference; includeInIndex = 1; lastKnownFileType = text.xcconfig; name = "Pods-Housing.release.xcconfig"; path = "Target Support Files/Pods-Housing/Pods-Housing.release.xcconfig"; sourceTree = "<group>"; };
		37105A0A25A6FB7A005FA220 /* CompleteTableViewCell.swift */ = {isa = PBXFileReference; lastKnownFileType = sourcecode.swift; path = CompleteTableViewCell.swift; sourceTree = "<group>"; };
		37105A0D25A6FB8A005FA220 /* IncompleteTableViewCell.swift */ = {isa = PBXFileReference; lastKnownFileType = sourcecode.swift; path = IncompleteTableViewCell.swift; sourceTree = "<group>"; };
		371878A625A4A6E200803944 /* ContentTableViewCell.swift */ = {isa = PBXFileReference; lastKnownFileType = sourcecode.swift; path = ContentTableViewCell.swift; sourceTree = "<group>"; };
		37259E8C25A829EF006550AF /* EmptyComTableViewCell.swift */ = {isa = PBXFileReference; lastKnownFileType = sourcecode.swift; name = EmptyComTableViewCell.swift; path = Housing/Screens/Communication/Storyboards/EmptyComTableViewCell.swift; sourceTree = SOURCE_ROOT; };
		37259E8F25A82A22006550AF /* EmptyIncomTableViewCell.swift */ = {isa = PBXFileReference; lastKnownFileType = sourcecode.swift; name = EmptyIncomTableViewCell.swift; path = Housing/Screens/Communication/Storyboards/EmptyIncomTableViewCell.swift; sourceTree = SOURCE_ROOT; };
		3799A14B25AA342200A8E03E /* RealEmptyTableViewCell.swift */ = {isa = PBXFileReference; lastKnownFileType = sourcecode.swift; name = RealEmptyTableViewCell.swift; path = Housing/Screens/Communication/Storyboards/RealEmptyTableViewCell.swift; sourceTree = SOURCE_ROOT; };
		3C93D2349047CC7DE6C0CE9C /* Pods-Housing.debug.xcconfig */ = {isa = PBXFileReference; includeInIndex = 1; lastKnownFileType = text.xcconfig; name = "Pods-Housing.debug.xcconfig"; path = "Target Support Files/Pods-Housing/Pods-Housing.debug.xcconfig"; sourceTree = "<group>"; };
		CC096D5425A2415E00E07017 /* ContentViewController.swift */ = {isa = PBXFileReference; lastKnownFileType = sourcecode.swift; path = ContentViewController.swift; sourceTree = "<group>"; };
		CC42D05E25A74D21002A461D /* MessageTableViewCell.swift */ = {isa = PBXFileReference; lastKnownFileType = sourcecode.swift; path = MessageTableViewCell.swift; sourceTree = "<group>"; };
		CC42D06125A74E54002A461D /* MessageDetailTableViewCell.swift */ = {isa = PBXFileReference; lastKnownFileType = sourcecode.swift; path = MessageDetailTableViewCell.swift; sourceTree = "<group>"; };
		CC42D06425A7551C002A461D /* MessageCard.swift */ = {isa = PBXFileReference; lastKnownFileType = sourcecode.swift; path = MessageCard.swift; sourceTree = "<group>"; };
		CC6740E325ACADE500EAE4C0 /* CommunicationService.swift */ = {isa = PBXFileReference; lastKnownFileType = sourcecode.swift; path = CommunicationService.swift; sourceTree = "<group>"; };
		CC6740E625ACADEE00EAE4C0 /* DetailService.swift */ = {isa = PBXFileReference; lastKnownFileType = sourcecode.swift; path = DetailService.swift; sourceTree = "<group>"; };
		CC6740E925ACADF900EAE4C0 /* PromiseService.swift */ = {isa = PBXFileReference; lastKnownFileType = sourcecode.swift; path = PromiseService.swift; sourceTree = "<group>"; };
		CC6740ED25ACAFB300EAE4C0 /* CalendarService.swift */ = {isa = PBXFileReference; lastKnownFileType = sourcecode.swift; path = CalendarService.swift; sourceTree = "<group>"; };
		CC6740F125ACB03F00EAE4C0 /* NoticeService.swift */ = {isa = PBXFileReference; lastKnownFileType = sourcecode.swift; path = NoticeService.swift; sourceTree = "<group>"; };
		CC6A1DF725A58C6C00C86865 /* AddedImageCollectionViewCell.swift */ = {isa = PBXFileReference; lastKnownFileType = sourcecode.swift; path = AddedImageCollectionViewCell.swift; sourceTree = "<group>"; };
		CC6A1E0325A5A2A800C86865 /* UIImageView+.swift */ = {isa = PBXFileReference; lastKnownFileType = sourcecode.swift; path = "UIImageView+.swift"; sourceTree = "<group>"; };
		CC6A1E0D25A5AE6C00C86865 /* MessageViewController.swift */ = {isa = PBXFileReference; lastKnownFileType = sourcecode.swift; path = MessageViewController.swift; sourceTree = "<group>"; };
		CC74425E25AD8B6000D04E4D /* Detail.swift */ = {isa = PBXFileReference; lastKnownFileType = sourcecode.swift; path = Detail.swift; sourceTree = "<group>"; };
		CC74427825AF4CAB00D04E4D /* EmptyTableViewCell.swift */ = {isa = PBXFileReference; lastKnownFileType = sourcecode.swift; path = EmptyTableViewCell.swift; sourceTree = "<group>"; };
		CC74427C25AF5CAB00D04E4D /* Calendar.storyboard */ = {isa = PBXFileReference; lastKnownFileType = file.storyboard; path = Calendar.storyboard; sourceTree = "<group>"; };
		CC8B594F25A4964200EC3AC7 /* RequestTableViewCell.swift */ = {isa = PBXFileReference; lastKnownFileType = sourcecode.swift; path = RequestTableViewCell.swift; sourceTree = "<group>"; };
		CC8B595225A496A100EC3AC7 /* CommunicateMethodTableViewCell.swift */ = {isa = PBXFileReference; lastKnownFileType = sourcecode.swift; path = CommunicateMethodTableViewCell.swift; sourceTree = "<group>"; };
		CC8B595525A496B300EC3AC7 /* MethodDetailTableViewCell.swift */ = {isa = PBXFileReference; lastKnownFileType = sourcecode.swift; path = MethodDetailTableViewCell.swift; sourceTree = "<group>"; };
		CC8B595925A498B200EC3AC7 /* CommunicationMethod.swift */ = {isa = PBXFileReference; lastKnownFileType = sourcecode.swift; path = CommunicationMethod.swift; sourceTree = "<group>"; };
		CC8B595F25A49F6D00EC3AC7 /* AddedImageTableViewCell.swift */ = {isa = PBXFileReference; lastKnownFileType = sourcecode.swift; path = AddedImageTableViewCell.swift; sourceTree = "<group>"; };
		CC8C35F025A83E33002D7304 /* ConfirmViewController.swift */ = {isa = PBXFileReference; lastKnownFileType = sourcecode.swift; path = ConfirmViewController.swift; sourceTree = "<group>"; };
		CC8C35F325A83E79002D7304 /* ConfirmTableViewCell.swift */ = {isa = PBXFileReference; lastKnownFileType = sourcecode.swift; path = ConfirmTableViewCell.swift; sourceTree = "<group>"; };
		D11C1BE025A1FE68002606B2 /* CalendarCollectionViewCell.swift */ = {isa = PBXFileReference; lastKnownFileType = sourcecode.swift; path = CalendarCollectionViewCell.swift; sourceTree = "<group>"; };
		D11C1BE525A201AD002606B2 /* UICollectionReusableView+.swift */ = {isa = PBXFileReference; lastKnownFileType = sourcecode.swift; path = "UICollectionReusableView+.swift"; sourceTree = "<group>"; };
		D11C1BEA25A20265002606B2 /* CalendarCollectionReusableView.swift */ = {isa = PBXFileReference; lastKnownFileType = sourcecode.swift; path = CalendarCollectionReusableView.swift; sourceTree = "<group>"; };
		D11C1BEE25A2083B002606B2 /* NoticeCollectionViewCell.swift */ = {isa = PBXFileReference; lastKnownFileType = sourcecode.swift; path = NoticeCollectionViewCell.swift; sourceTree = "<group>"; };
		D12D6DDE25A1C7F600E9A43A /* BASKE1.ttf */ = {isa = PBXFileReference; lastKnownFileType = file; path = BASKE1.ttf; sourceTree = "<group>"; };
		D12D6DE025A1C84200E9A43A /* BaskervilleFont.swift */ = {isa = PBXFileReference; lastKnownFileType = sourcecode.swift; path = BaskervilleFont.swift; sourceTree = "<group>"; };
		D12D6DE525A1C92D00E9A43A /* TabBarViewController.swift */ = {isa = PBXFileReference; lastKnownFileType = sourcecode.swift; path = TabBarViewController.swift; sourceTree = "<group>"; };
		D1311887259B6B9400897DF4 /* ReusableView.swift */ = {isa = PBXFileReference; lastKnownFileType = sourcecode.swift; path = ReusableView.swift; sourceTree = "<group>"; };
		D131188A259B6BA000897DF4 /* UICollectionView+.swift */ = {isa = PBXFileReference; lastKnownFileType = sourcecode.swift; path = "UICollectionView+.swift"; sourceTree = "<group>"; };
		D131188D259B6BA900897DF4 /* UICollectionViewCell+.swift */ = {isa = PBXFileReference; lastKnownFileType = sourcecode.swift; path = "UICollectionViewCell+.swift"; sourceTree = "<group>"; };
		D1311891259B6BB300897DF4 /* UITableView+.swift */ = {isa = PBXFileReference; lastKnownFileType = sourcecode.swift; path = "UITableView+.swift"; sourceTree = "<group>"; };
		D1311894259B6BBF00897DF4 /* UITableViewCell+.swift */ = {isa = PBXFileReference; lastKnownFileType = sourcecode.swift; path = "UITableViewCell+.swift"; sourceTree = "<group>"; };
		D1311897259B6BD100897DF4 /* UIColor+.swift */ = {isa = PBXFileReference; lastKnownFileType = sourcecode.swift; path = "UIColor+.swift"; sourceTree = "<group>"; };
		D131189A259B6BD800897DF4 /* UIView+.swift */ = {isa = PBXFileReference; lastKnownFileType = sourcecode.swift; path = "UIView+.swift"; sourceTree = "<group>"; };
		D131189D259B6BE300897DF4 /* UIViewController+.swift */ = {isa = PBXFileReference; lastKnownFileType = sourcecode.swift; path = "UIViewController+.swift"; sourceTree = "<group>"; };
		D13118A2259B70EF00897DF4 /* KeychainStorage.swift */ = {isa = PBXFileReference; lastKnownFileType = sourcecode.swift; path = KeychainStorage.swift; sourceTree = "<group>"; };
		D13118A5259B718900897DF4 /* CALayer+.swift */ = {isa = PBXFileReference; lastKnownFileType = sourcecode.swift; path = "CALayer+.swift"; sourceTree = "<group>"; };
		D15824B025AD321A0098B5AF /* ResponseType.swift */ = {isa = PBXFileReference; lastKnownFileType = sourcecode.swift; path = ResponseType.swift; sourceTree = "<group>"; };
		D15824B725AD32920098B5AF /* Calendar.swift */ = {isa = PBXFileReference; lastKnownFileType = sourcecode.swift; path = Calendar.swift; sourceTree = "<group>"; };
		D15824E025AF201C0098B5AF /* EmptyCalendarCollectionViewCell.swift */ = {isa = PBXFileReference; lastKnownFileType = sourcecode.swift; path = EmptyCalendarCollectionViewCell.swift; sourceTree = "<group>"; };
		D16C797A25B0773900BB22D1 /* EmptyDetailTableViewCell.swift */ = {isa = PBXFileReference; lastKnownFileType = sourcecode.swift; path = EmptyDetailTableViewCell.swift; sourceTree = "<group>"; };
		D19179E2259890A40035AF74 /* Housing.app */ = {isa = PBXFileReference; explicitFileType = wrapper.application; includeInIndex = 0; path = Housing.app; sourceTree = BUILT_PRODUCTS_DIR; };
		D19179E5259890A40035AF74 /* AppDelegate.swift */ = {isa = PBXFileReference; lastKnownFileType = sourcecode.swift; path = AppDelegate.swift; sourceTree = "<group>"; };
		D19179E7259890A40035AF74 /* SceneDelegate.swift */ = {isa = PBXFileReference; lastKnownFileType = sourcecode.swift; path = SceneDelegate.swift; sourceTree = "<group>"; };
		D19179E9259890A40035AF74 /* SplashViewController.swift */ = {isa = PBXFileReference; lastKnownFileType = sourcecode.swift; path = SplashViewController.swift; sourceTree = "<group>"; };
		D19179EE259890A70035AF74 /* Assets.xcassets */ = {isa = PBXFileReference; lastKnownFileType = folder.assetcatalog; path = Assets.xcassets; sourceTree = "<group>"; };
		D19179F1259890A70035AF74 /* Base */ = {isa = PBXFileReference; lastKnownFileType = file.storyboard; name = Base; path = Base.lproj/LaunchScreen.storyboard; sourceTree = "<group>"; };
		D19179F3259890A70035AF74 /* Info.plist */ = {isa = PBXFileReference; lastKnownFileType = text.plist.xml; path = Info.plist; sourceTree = "<group>"; };
		D1B0387025A8D3BF0092CE4F /* InfoViewController.swift */ = {isa = PBXFileReference; lastKnownFileType = sourcecode.swift; path = InfoViewController.swift; sourceTree = "<group>"; };
		D1B444D8259F095F005C2C68 /* CalendarViewController.swift */ = {isa = PBXFileReference; lastKnownFileType = sourcecode.swift; path = CalendarViewController.swift; sourceTree = "<group>"; };
		D1B444DC259F096C005C2C68 /* PromiseViewController.swift */ = {isa = PBXFileReference; lastKnownFileType = sourcecode.swift; path = PromiseViewController.swift; sourceTree = "<group>"; };
		D1B444E3259F09C5005C2C68 /* DetailViewController.swift */ = {isa = PBXFileReference; lastKnownFileType = sourcecode.swift; path = DetailViewController.swift; sourceTree = "<group>"; };
		D1B444E6259F09DD005C2C68 /* Detail.storyboard */ = {isa = PBXFileReference; lastKnownFileType = file.storyboard; path = Detail.storyboard; sourceTree = "<group>"; };
		D1B444E9259F09FF005C2C68 /* Communication.storyboard */ = {isa = PBXFileReference; lastKnownFileType = file.storyboard; path = Communication.storyboard; sourceTree = "<group>"; };
		D1B444ED259F0A10005C2C68 /* CommunicationViewController.swift */ = {isa = PBXFileReference; lastKnownFileType = sourcecode.swift; path = CommunicationViewController.swift; sourceTree = "<group>"; };
		D1B444F9259F0A9E005C2C68 /* Home.storyboard */ = {isa = PBXFileReference; lastKnownFileType = file.storyboard; path = Home.storyboard; sourceTree = "<group>"; };
		D1B444FE259F0B13005C2C68 /* HomeViewController.swift */ = {isa = PBXFileReference; lastKnownFileType = sourcecode.swift; path = HomeViewController.swift; sourceTree = "<group>"; };
		D1B44504259F0FCE005C2C68 /* StoryboardStorage.swift */ = {isa = PBXFileReference; lastKnownFileType = sourcecode.swift; path = StoryboardStorage.swift; sourceTree = "<group>"; };
		D1B44507259F1447005C2C68 /* BaseViewController.swift */ = {isa = PBXFileReference; lastKnownFileType = sourcecode.swift; path = BaseViewController.swift; sourceTree = "<group>"; };
		D1B4450D259F1D4A005C2C68 /* Login.storyboard */ = {isa = PBXFileReference; lastKnownFileType = file.storyboard; path = Login.storyboard; sourceTree = "<group>"; };
		D1B44510259F1D5A005C2C68 /* LoginViewController.swift */ = {isa = PBXFileReference; lastKnownFileType = sourcecode.swift; path = LoginViewController.swift; sourceTree = "<group>"; };
		D1CF647625AC2464009A39EC /* UserService.swift */ = {isa = PBXFileReference; lastKnownFileType = sourcecode.swift; path = UserService.swift; sourceTree = "<group>"; };
		D1CF647A25AC26A8009A39EC /* MoyaNetworkLogger.swift */ = {isa = PBXFileReference; lastKnownFileType = sourcecode.swift; path = MoyaNetworkLogger.swift; sourceTree = "<group>"; };
		DA050945259F343E00DDB916 /* CameraWorkViewController.swift */ = {isa = PBXFileReference; lastKnownFileType = sourcecode.swift; path = CameraWorkViewController.swift; sourceTree = "<group>"; };
		DA050955259F692E00DDB916 /* UIImage+.swift */ = {isa = PBXFileReference; lastKnownFileType = sourcecode.swift; path = "UIImage+.swift"; sourceTree = "<group>"; };
		DA05096B25A05A6100DDB916 /* RequestDataModel.swift */ = {isa = PBXFileReference; lastKnownFileType = sourcecode.swift; path = RequestDataModel.swift; sourceTree = "<group>"; };
		DA05097925A2176300DDB916 /* photoCollectionViewCell.swift */ = {isa = PBXFileReference; lastKnownFileType = sourcecode.swift; path = photoCollectionViewCell.swift; sourceTree = "<group>"; };
		DA1A827625AAD41C00B1F56C /* AddNoticeViewController.swift */ = {isa = PBXFileReference; fileEncoding = 4; lastKnownFileType = sourcecode.swift; path = AddNoticeViewController.swift; sourceTree = "<group>"; };
		DA6D898425A5A98E00CF47C4 /* AppointmentViewController.swift */ = {isa = PBXFileReference; lastKnownFileType = sourcecode.swift; path = AppointmentViewController.swift; sourceTree = "<group>"; };
		DA813FBE25A475E500D33AD2 /* AdditionalRequestViewController.swift */ = {isa = PBXFileReference; lastKnownFileType = sourcecode.swift; path = AdditionalRequestViewController.swift; sourceTree = "<group>"; };
		DA928D2425A98ED200DA8466 /* VerifyNumberViewController.swift */ = {isa = PBXFileReference; lastKnownFileType = sourcecode.swift; path = VerifyNumberViewController.swift; sourceTree = "<group>"; };
		DAB3225825A72A510098175E /* DatePickerViewController.swift */ = {isa = PBXFileReference; lastKnownFileType = sourcecode.swift; path = DatePickerViewController.swift; sourceTree = "<group>"; };
		DAB3225B25A73F900098175E /* UIDatePicker+.swift */ = {isa = PBXFileReference; lastKnownFileType = sourcecode.swift; path = "UIDatePicker+.swift"; sourceTree = "<group>"; };
		DAB322B025A80E3B0098175E /* TimeStampTableViewCell.swift */ = {isa = PBXFileReference; lastKnownFileType = sourcecode.swift; path = TimeStampTableViewCell.swift; sourceTree = "<group>"; };
		DACAAB5F25B0516B006745A6 /* timeOptions.swift */ = {isa = PBXFileReference; lastKnownFileType = sourcecode.swift; path = timeOptions.swift; sourceTree = "<group>"; };
		EE989042B75B926FB7CC268C /* Pods_Housing.framework */ = {isa = PBXFileReference; explicitFileType = wrapper.framework; includeInIndex = 0; path = Pods_Housing.framework; sourceTree = BUILT_PRODUCTS_DIR; };
/* End PBXFileReference section */

/* Begin PBXFrameworksBuildPhase section */
		D19179DF259890A40035AF74 /* Frameworks */ = {
			isa = PBXFrameworksBuildPhase;
			buildActionMask = 2147483647;
			files = (
				D1CF647025AC236E009A39EC /* RxMoya in Frameworks */,
				D1B65A202598D1FF00A9A7CB /* Kingfisher in Frameworks */,
				D1B0387525A8E65A0092CE4F /* RxKeyboard in Frameworks */,
				DA05097225A0722000DDB916 /* YPImagePicker in Frameworks */,
				D1B65A1C2598D16600A9A7CB /* RxRelay in Frameworks */,
				D1B65A1A2598D16600A9A7CB /* RxCocoa in Frameworks */,
				DAC7E48E25AF4E0300031102 /* Lottie in Frameworks */,
				D1B65A2C2598D27D00A9A7CB /* Then in Frameworks */,
				D1CF646C25AC236E009A39EC /* Moya in Frameworks */,
				D1CF646E25AC236E009A39EC /* ReactiveMoya in Frameworks */,
				D1B65A282598D24D00A9A7CB /* Alamofire in Frameworks */,
				1FACC31925AD747B0072EABA /* SwiftyJSON in Frameworks */,
				DA10C689259B3C3F00AC91D9 /* FSCalendar in Frameworks */,
				D1B65A182598D16600A9A7CB /* RxSwift in Frameworks */,
				DA050965259F801A00DDB916 /* SwiftKeychainWrapper in Frameworks */,
				D1B65A242598D21F00A9A7CB /* SnapKit in Frameworks */,
				7D82BD0A7BDB673C00E7A6B8 /* Pods_Housing.framework in Frameworks */,
			);
			runOnlyForDeploymentPostprocessing = 0;
		};
/* End PBXFrameworksBuildPhase section */

/* Begin PBXGroup section */
		05BEA9461D0430153FA19DCD /* Pods */ = {
			isa = PBXGroup;
			children = (
				3C93D2349047CC7DE6C0CE9C /* Pods-Housing.debug.xcconfig */,
				340DE7B3E8247CCAEA231AB4 /* Pods-Housing.release.xcconfig */,
			);
			path = Pods;
			sourceTree = "<group>";
		};
		12756B419F2A5420E87B6C8A /* Frameworks */ = {
			isa = PBXGroup;
			children = (
				EE989042B75B926FB7CC268C /* Pods_Housing.framework */,
			);
			name = Frameworks;
			sourceTree = "<group>";
		};
		1FA03DD525A845F900AF0326 /* Notice */ = {
			isa = PBXGroup;
			children = (
				1FA03DD825A846B900AF0326 /* Storyboards */,
				1FA03DD725A846B300AF0326 /* ViewControllers */,
			);
			path = Notice;
			sourceTree = "<group>";
		};
		1FA03DD725A846B300AF0326 /* ViewControllers */ = {
			isa = PBXGroup;
			children = (
				1FA03DEB25A86E0500AF0326 /* Cells */,
				1FA03DE525A8472200AF0326 /* NoticeViewController.swift */,
				1FA03DEC25A86E5600AF0326 /* VerifyCodeViewController.swift */,
				1FA03DF025A870D200AF0326 /* DetailNoticeViewController.swift */,
				DA1A827625AAD41C00B1F56C /* AddNoticeViewController.swift */,
			);
			path = ViewControllers;
			sourceTree = "<group>";
		};
		1FA03DD825A846B900AF0326 /* Storyboards */ = {
			isa = PBXGroup;
			children = (
				1FA03DE825A8473000AF0326 /* Notice.storyboard */,
			);
			path = Storyboards;
			sourceTree = "<group>";
		};
		1FA03DEB25A86E0500AF0326 /* Cells */ = {
			isa = PBXGroup;
			children = (
				1FA03DD925A846F100AF0326 /* NoticeFooterCollectionViewCell.swift */,
				1FA03DDF25A8470700AF0326 /* NoticeHeaderCollectionViewCell.swift */,
				1FA03DE225A8471300AF0326 /* NoticeInformationCollectionViewCell.swift */,
			);
			path = Cells;
			sourceTree = "<group>";
		};
		CC0C715E25A1BC5E00DEF0FA /* Cells */ = {
			isa = PBXGroup;
			children = (
				CC8B594F25A4964200EC3AC7 /* RequestTableViewCell.swift */,
				CC8B595225A496A100EC3AC7 /* CommunicateMethodTableViewCell.swift */,
				CC8B595525A496B300EC3AC7 /* MethodDetailTableViewCell.swift */,
				CC8B595F25A49F6D00EC3AC7 /* AddedImageTableViewCell.swift */,
				CC6A1DF725A58C6C00C86865 /* AddedImageCollectionViewCell.swift */,
				CC42D05E25A74D21002A461D /* MessageTableViewCell.swift */,
				CC42D06125A74E54002A461D /* MessageDetailTableViewCell.swift */,
				CC8C35F325A83E79002D7304 /* ConfirmTableViewCell.swift */,
				CC74427825AF4CAB00D04E4D /* EmptyTableViewCell.swift */,
				D16C797A25B0773900BB22D1 /* EmptyDetailTableViewCell.swift */,
			);
			path = Cells;
			sourceTree = "<group>";
		};
		CC74427B25AF5C9E00D04E4D /* Storyboards */ = {
			isa = PBXGroup;
			children = (
				CC74427C25AF5CAB00D04E4D /* Calendar.storyboard */,
			);
			path = Storyboards;
			sourceTree = "<group>";
		};
		CC8B595825A4989E00EC3AC7 /* Models */ = {
			isa = PBXGroup;
			children = (
				CC8B595925A498B200EC3AC7 /* CommunicationMethod.swift */,
				CC42D06425A7551C002A461D /* MessageCard.swift */,
				D15824B025AD321A0098B5AF /* ResponseType.swift */,
				D15824B725AD32920098B5AF /* Calendar.swift */,
				CC74425E25AD8B6000D04E4D /* Detail.swift */,
				1F53BA5025AE9AE30048CDAB /* Host.swift */,
				DACAAB5F25B0516B006745A6 /* timeOptions.swift */,
				1FCC3A3725B0167B00A20DEF /* Notice.swift */,
			);
			path = Models;
			sourceTree = "<group>";
		};
		D11C1BDF25A1FE3B002606B2 /* Cells */ = {
			isa = PBXGroup;
			children = (
				D11C1BE025A1FE68002606B2 /* CalendarCollectionViewCell.swift */,
				D11C1BEE25A2083B002606B2 /* NoticeCollectionViewCell.swift */,
				D15824E025AF201C0098B5AF /* EmptyCalendarCollectionViewCell.swift */,
			);
			path = Cells;
			sourceTree = "<group>";
		};
		D11C1BE925A20244002606B2 /* Views */ = {
			isa = PBXGroup;
			children = (
				D11C1BEA25A20265002606B2 /* CalendarCollectionReusableView.swift */,
			);
			path = Views;
			sourceTree = "<group>";
		};
		D12D6DDF25A1C81400E9A43A /* Enums */ = {
			isa = PBXGroup;
			children = (
				D12D6DE025A1C84200E9A43A /* BaskervilleFont.swift */,
			);
			path = Enums;
			sourceTree = "<group>";
		};
		D1311885259B6B5B00897DF4 /* Extensions */ = {
			isa = PBXGroup;
			children = (
				D131188A259B6BA000897DF4 /* UICollectionView+.swift */,
				D131188D259B6BA900897DF4 /* UICollectionViewCell+.swift */,
				D11C1BE525A201AD002606B2 /* UICollectionReusableView+.swift */,
				D1311891259B6BB300897DF4 /* UITableView+.swift */,
				D1311894259B6BBF00897DF4 /* UITableViewCell+.swift */,
				D1311897259B6BD100897DF4 /* UIColor+.swift */,
				D131189A259B6BD800897DF4 /* UIView+.swift */,
				D131189D259B6BE300897DF4 /* UIViewController+.swift */,
				D13118A5259B718900897DF4 /* CALayer+.swift */,
				DA050955259F692E00DDB916 /* UIImage+.swift */,
				DAB3225B25A73F900098175E /* UIDatePicker+.swift */,
				CC6A1E0325A5A2A800C86865 /* UIImageView+.swift */,
			);
			path = Extensions;
			sourceTree = "<group>";
		};
		D1311886259B6B7500897DF4 /* Protocols */ = {
			isa = PBXGroup;
			children = (
				D1311887259B6B9400897DF4 /* ReusableView.swift */,
			);
			path = Protocols;
			sourceTree = "<group>";
		};
		D19179D9259890A40035AF74 = {
			isa = PBXGroup;
			children = (
				D19179E4259890A40035AF74 /* Housing */,
				D19179E3259890A40035AF74 /* Products */,
				05BEA9461D0430153FA19DCD /* Pods */,
				12756B419F2A5420E87B6C8A /* Frameworks */,
			);
			sourceTree = "<group>";
			tabWidth = 2;
			usesTabs = 1;
		};
		D19179E3259890A40035AF74 /* Products */ = {
			isa = PBXGroup;
			children = (
				D19179E2259890A40035AF74 /* Housing.app */,
			);
			name = Products;
			sourceTree = "<group>";
		};
		D19179E4259890A40035AF74 /* Housing */ = {
			isa = PBXGroup;
			children = (
				D1B65A022598C61800A9A7CB /* Supports */,
				D1B65A002598C61600A9A7CB /* Global */,
				D1B65A012598C61700A9A7CB /* Network */,
				D1B659FF2598C61500A9A7CB /* Configuration */,
				D1B659FE2598C61300A9A7CB /* Screens */,
			);
			path = Housing;
			sourceTree = "<group>";
		};
		D1B444C6259F0857005C2C68 /* Home */ = {
			isa = PBXGroup;
			children = (
				D1B444D6259F093C005C2C68 /* ViewControllers */,
				D1B444D5259F0935005C2C68 /* StoryBoards */,
			);
			path = Home;
			sourceTree = "<group>";
		};
		D1B444C7259F088C005C2C68 /* Communication */ = {
			isa = PBXGroup;
			children = (
				D1B444D2259F0927005C2C68 /* ViewControllers */,
				D1B444D1259F08FD005C2C68 /* Storyboards */,
			);
			path = Communication;
			sourceTree = "<group>";
		};
		D1B444C8259F089F005C2C68 /* Detail */ = {
			isa = PBXGroup;
			children = (
				CC0C715E25A1BC5E00DEF0FA /* Cells */,
				D1B444CF259F08F1005C2C68 /* ViewControllers */,
				D1B444D0259F08F4005C2C68 /* Storyboards */,
			);
			path = Detail;
			sourceTree = "<group>";
		};
		D1B444C9259F08AE005C2C68 /* Calendar */ = {
			isa = PBXGroup;
			children = (
				CC74427B25AF5C9E00D04E4D /* Storyboards */,
				D11C1BE925A20244002606B2 /* Views */,
				D11C1BDF25A1FE3B002606B2 /* Cells */,
				D1B444D7259F0948005C2C68 /* ViewController */,
			);
			path = Calendar;
			sourceTree = "<group>";
		};
		D1B444CA259F08CA005C2C68 /* Promise */ = {
			isa = PBXGroup;
			children = (
				DA05096A25A05A4000DDB916 /* Model */,
				D1B444CC259F08DC005C2C68 /* ViewControllers */,
				D1B444CB259F08D5005C2C68 /* Storyboards */,
			);
			path = Promise;
			sourceTree = "<group>";
		};
		D1B444CB259F08D5005C2C68 /* Storyboards */ = {
			isa = PBXGroup;
			children = (
			);
			path = Storyboards;
			sourceTree = "<group>";
		};
		D1B444CC259F08DC005C2C68 /* ViewControllers */ = {
			isa = PBXGroup;
			children = (
				DA05097825A2174B00DDB916 /* Cell */,
				D1B444DC259F096C005C2C68 /* PromiseViewController.swift */,
				DA050945259F343E00DDB916 /* CameraWorkViewController.swift */,
				DA813FBE25A475E500D33AD2 /* AdditionalRequestViewController.swift */,
				DA6D898425A5A98E00CF47C4 /* AppointmentViewController.swift */,
				DAB3225825A72A510098175E /* DatePickerViewController.swift */,
			);
			path = ViewControllers;
			sourceTree = "<group>";
		};
		D1B444CF259F08F1005C2C68 /* ViewControllers */ = {
			isa = PBXGroup;
			children = (
				D1B444E3259F09C5005C2C68 /* DetailViewController.swift */,
				CC096D5425A2415E00E07017 /* ContentViewController.swift */,
				CC6A1E0D25A5AE6C00C86865 /* MessageViewController.swift */,
				CC8C35F025A83E33002D7304 /* ConfirmViewController.swift */,
			);
			path = ViewControllers;
			sourceTree = "<group>";
		};
		D1B444D0259F08F4005C2C68 /* Storyboards */ = {
			isa = PBXGroup;
			children = (
				D1B444E6259F09DD005C2C68 /* Detail.storyboard */,
			);
			path = Storyboards;
			sourceTree = "<group>";
		};
		D1B444D1259F08FD005C2C68 /* Storyboards */ = {
			isa = PBXGroup;
			children = (
				D1B444E9259F09FF005C2C68 /* Communication.storyboard */,
			);
			path = Storyboards;
			sourceTree = "<group>";
		};
		D1B444D2259F0927005C2C68 /* ViewControllers */ = {
			isa = PBXGroup;
			children = (
				D1B444ED259F0A10005C2C68 /* CommunicationViewController.swift */,
				37259E8F25A82A22006550AF /* EmptyIncomTableViewCell.swift */,
				37259E8C25A829EF006550AF /* EmptyComTableViewCell.swift */,
				37105A0D25A6FB8A005FA220 /* IncompleteTableViewCell.swift */,
				37105A0A25A6FB7A005FA220 /* CompleteTableViewCell.swift */,
				371878A625A4A6E200803944 /* ContentTableViewCell.swift */,
				3799A14B25AA342200A8E03E /* RealEmptyTableViewCell.swift */,
			);
			path = ViewControllers;
			sourceTree = "<group>";
		};
		D1B444D5259F0935005C2C68 /* StoryBoards */ = {
			isa = PBXGroup;
			children = (
				D1B444F9259F0A9E005C2C68 /* Home.storyboard */,
			);
			path = StoryBoards;
			sourceTree = "<group>";
		};
		D1B444D6259F093C005C2C68 /* ViewControllers */ = {
			isa = PBXGroup;
			children = (
				D1B444FE259F0B13005C2C68 /* HomeViewController.swift */,
			);
			path = ViewControllers;
			sourceTree = "<group>";
		};
		D1B444D7259F0948005C2C68 /* ViewController */ = {
			isa = PBXGroup;
			children = (
				D1B444D8259F095F005C2C68 /* CalendarViewController.swift */,
			);
			path = ViewController;
			sourceTree = "<group>";
		};
		D1B4450A259F1D2E005C2C68 /* Login */ = {
			isa = PBXGroup;
			children = (
				D1B4450B259F1D35005C2C68 /* ViewControllers */,
				D1B4450C259F1D3C005C2C68 /* Storyboards */,
			);
			path = Login;
			sourceTree = "<group>";
		};
		D1B4450B259F1D35005C2C68 /* ViewControllers */ = {
			isa = PBXGroup;
			children = (
				D1B44510259F1D5A005C2C68 /* LoginViewController.swift */,
				1F8ECE5625A5A71300C0E0FA /* SignupViewController.swift */,
				1F8ECE8825A700B900C0E0FA /* AddressViewController.swift */,
				1F8ECE8B25A7138100C0E0FA /* SignupCompleteViewController.swift */,
				D1B0387025A8D3BF0092CE4F /* InfoViewController.swift */,
				DA928D2425A98ED200DA8466 /* VerifyNumberViewController.swift */,
			);
			path = ViewControllers;
			sourceTree = "<group>";
		};
		D1B4450C259F1D3C005C2C68 /* Storyboards */ = {
			isa = PBXGroup;
			children = (
				D1B4450D259F1D4A005C2C68 /* Login.storyboard */,
				1F8ECE5325A5A6FF00C0E0FA /* Signup.storyboard */,
			);
			path = Storyboards;
			sourceTree = "<group>";
		};
		D1B659FE2598C61300A9A7CB /* Screens */ = {
			isa = PBXGroup;
			children = (
				1FA03DD525A845F900AF0326 /* Notice */,
				D1B4450A259F1D2E005C2C68 /* Login */,
				D1B444CA259F08CA005C2C68 /* Promise */,
				D1B444C9259F08AE005C2C68 /* Calendar */,
				D1B444C8259F089F005C2C68 /* Detail */,
				D1B444C7259F088C005C2C68 /* Communication */,
				D1B444C6259F0857005C2C68 /* Home */,
				D1B65A042598C65900A9A7CB /* Splash */,
				D1B44507259F1447005C2C68 /* BaseViewController.swift */,
				D12D6DE525A1C92D00E9A43A /* TabBarViewController.swift */,
			);
			path = Screens;
			sourceTree = "<group>";
		};
		D1B659FF2598C61500A9A7CB /* Configuration */ = {
			isa = PBXGroup;
			children = (
				D13118A2259B70EF00897DF4 /* KeychainStorage.swift */,
				D1B44504259F0FCE005C2C68 /* StoryboardStorage.swift */,
			);
			path = Configuration;
			sourceTree = "<group>";
		};
		D1B65A002598C61600A9A7CB /* Global */ = {
			isa = PBXGroup;
			children = (
				CC8B595825A4989E00EC3AC7 /* Models */,
				D12D6DDF25A1C81400E9A43A /* Enums */,
				D1311886259B6B7500897DF4 /* Protocols */,
				D1311885259B6B5B00897DF4 /* Extensions */,
			);
			path = Global;
			sourceTree = "<group>";
		};
		D1B65A012598C61700A9A7CB /* Network */ = {
			isa = PBXGroup;
			children = (
				D1CF647425AC244E009A39EC /* Services */,
				D1CF647A25AC26A8009A39EC /* MoyaNetworkLogger.swift */,
			);
			path = Network;
			sourceTree = "<group>";
		};
		D1B65A022598C61800A9A7CB /* Supports */ = {
			isa = PBXGroup;
			children = (
				DA1A20D625B00E2500352C81 /* LottieFiles */,
				D12D6DDE25A1C7F600E9A43A /* BASKE1.ttf */,
				D19179F3259890A70035AF74 /* Info.plist */,
				D19179E7259890A40035AF74 /* SceneDelegate.swift */,
				D19179E5259890A40035AF74 /* AppDelegate.swift */,
				D19179F0259890A70035AF74 /* LaunchScreen.storyboard */,
				D19179EE259890A70035AF74 /* Assets.xcassets */,
			);
			path = Supports;
			sourceTree = "<group>";
		};
		D1B65A042598C65900A9A7CB /* Splash */ = {
			isa = PBXGroup;
			children = (
				D19179E9259890A40035AF74 /* SplashViewController.swift */,
			);
			path = Splash;
			sourceTree = "<group>";
		};
		D1CF647425AC244E009A39EC /* Services */ = {
			isa = PBXGroup;
			children = (
				D1CF647625AC2464009A39EC /* UserService.swift */,
				CC6740E325ACADE500EAE4C0 /* CommunicationService.swift */,
				CC6740E625ACADEE00EAE4C0 /* DetailService.swift */,
				CC6740E925ACADF900EAE4C0 /* PromiseService.swift */,
				CC6740ED25ACAFB300EAE4C0 /* CalendarService.swift */,
				CC6740F125ACB03F00EAE4C0 /* NoticeService.swift */,
			);
			path = Services;
			sourceTree = "<group>";
		};
		DA05096A25A05A4000DDB916 /* Model */ = {
			isa = PBXGroup;
			children = (
				DA05096B25A05A6100DDB916 /* RequestDataModel.swift */,
			);
			path = Model;
			sourceTree = "<group>";
		};
		DA05097825A2174B00DDB916 /* Cell */ = {
			isa = PBXGroup;
			children = (
				DA05097925A2176300DDB916 /* photoCollectionViewCell.swift */,
				DAB322B025A80E3B0098175E /* TimeStampTableViewCell.swift */,
			);
			path = Cell;
			sourceTree = "<group>";
		};
		DA1A20D625B00E2500352C81 /* LottieFiles */ = {
			isa = PBXGroup;
			children = (
			);
			path = LottieFiles;
			sourceTree = "<group>";
		};
/* End PBXGroup section */

/* Begin PBXNativeTarget section */
		D19179E1259890A40035AF74 /* Housing */ = {
			isa = PBXNativeTarget;
			buildConfigurationList = D19179F6259890A70035AF74 /* Build configuration list for PBXNativeTarget "Housing" */;
			buildPhases = (
				E6149AA0049DA03238719D80 /* [CP] Check Pods Manifest.lock */,
				D19179DE259890A40035AF74 /* Sources */,
				D19179DF259890A40035AF74 /* Frameworks */,
				D19179E0259890A40035AF74 /* Resources */,
			);
			buildRules = (
			);
			dependencies = (
			);
			name = Housing;
			packageProductDependencies = (
				D1B65A172598D16600A9A7CB /* RxSwift */,
				D1B65A192598D16600A9A7CB /* RxCocoa */,
				D1B65A1B2598D16600A9A7CB /* RxRelay */,
				D1B65A1F2598D1FF00A9A7CB /* Kingfisher */,
				D1B65A232598D21F00A9A7CB /* SnapKit */,
				D1B65A272598D24D00A9A7CB /* Alamofire */,
				D1B65A2B2598D27D00A9A7CB /* Then */,
				DA10C688259B3C3F00AC91D9 /* FSCalendar */,
				DA050964259F801A00DDB916 /* SwiftKeychainWrapper */,
				DA05097125A0722000DDB916 /* YPImagePicker */,
				D1B0387425A8E65A0092CE4F /* RxKeyboard */,
				D1CF646B25AC236E009A39EC /* Moya */,
				D1CF646D25AC236E009A39EC /* ReactiveMoya */,
				D1CF646F25AC236E009A39EC /* RxMoya */,
				1FACC31825AD747B0072EABA /* SwiftyJSON */,
				DAC7E48D25AF4E0300031102 /* Lottie */,
			);
			productName = Housing;
			productReference = D19179E2259890A40035AF74 /* Housing.app */;
			productType = "com.apple.product-type.application";
		};
/* End PBXNativeTarget section */

/* Begin PBXProject section */
		D19179DA259890A40035AF74 /* Project object */ = {
			isa = PBXProject;
			attributes = {
				LastSwiftUpdateCheck = 1230;
				LastUpgradeCheck = 1230;
				TargetAttributes = {
					D19179E1259890A40035AF74 = {
						CreatedOnToolsVersion = 12.3;
					};
				};
			};
			buildConfigurationList = D19179DD259890A40035AF74 /* Build configuration list for PBXProject "Housing" */;
			compatibilityVersion = "Xcode 9.3";
			developmentRegion = en;
			hasScannedForEncodings = 0;
			knownRegions = (
				en,
				Base,
			);
			mainGroup = D19179D9259890A40035AF74;
			packageReferences = (
				D1B65A162598D16600A9A7CB /* XCRemoteSwiftPackageReference "RxSwift" */,
				D1B65A1E2598D1FF00A9A7CB /* XCRemoteSwiftPackageReference "Kingfisher" */,
				D1B65A222598D21F00A9A7CB /* XCRemoteSwiftPackageReference "SnapKit" */,
				D1B65A262598D24C00A9A7CB /* XCRemoteSwiftPackageReference "Alamofire" */,
				D1B65A2A2598D27D00A9A7CB /* XCRemoteSwiftPackageReference "Then" */,
				DA10C687259B3C3F00AC91D9 /* XCRemoteSwiftPackageReference "FSCalendar" */,
				DA050963259F801A00DDB916 /* XCRemoteSwiftPackageReference "SwiftKeychainWrapper" */,
				DA05097025A0722000DDB916 /* XCRemoteSwiftPackageReference "YPImagePicker" */,
				D1B0387325A8E65A0092CE4F /* XCRemoteSwiftPackageReference "RxKeyboard" */,
				D1CF646A25AC236E009A39EC /* XCRemoteSwiftPackageReference "Moya" */,
				1FACC31725AD747B0072EABA /* XCRemoteSwiftPackageReference "SwiftyJSON" */,
				DAC7E48C25AF4E0300031102 /* XCRemoteSwiftPackageReference "lottie-ios" */,
			);
			productRefGroup = D19179E3259890A40035AF74 /* Products */;
			projectDirPath = "";
			projectRoot = "";
			targets = (
				D19179E1259890A40035AF74 /* Housing */,
			);
		};
/* End PBXProject section */

/* Begin PBXResourcesBuildPhase section */
		D19179E0259890A40035AF74 /* Resources */ = {
			isa = PBXResourcesBuildPhase;
			buildActionMask = 2147483647;
			files = (
				CC74427D25AF5CAB00D04E4D /* Calendar.storyboard in Resources */,
				1F8ECE5425A5A6FF00C0E0FA /* Signup.storyboard in Resources */,
				D19179F2259890A70035AF74 /* LaunchScreen.storyboard in Resources */,
				1FA03DE925A8473000AF0326 /* Notice.storyboard in Resources */,
				D1B444EA259F09FF005C2C68 /* Communication.storyboard in Resources */,
				D1B4450E259F1D4A005C2C68 /* Login.storyboard in Resources */,
				D19179EF259890A70035AF74 /* Assets.xcassets in Resources */,
				D1B444FA259F0A9E005C2C68 /* Home.storyboard in Resources */,
				D1B444E7259F09DD005C2C68 /* Detail.storyboard in Resources */,
			);
			runOnlyForDeploymentPostprocessing = 0;
		};
/* End PBXResourcesBuildPhase section */

/* Begin PBXShellScriptBuildPhase section */
		E6149AA0049DA03238719D80 /* [CP] Check Pods Manifest.lock */ = {
			isa = PBXShellScriptBuildPhase;
			buildActionMask = 2147483647;
			files = (
			);
			inputFileListPaths = (
			);
			inputPaths = (
				"${PODS_PODFILE_DIR_PATH}/Podfile.lock",
				"${PODS_ROOT}/Manifest.lock",
			);
			name = "[CP] Check Pods Manifest.lock";
			outputFileListPaths = (
			);
			outputPaths = (
				"$(DERIVED_FILE_DIR)/Pods-Housing-checkManifestLockResult.txt",
			);
			runOnlyForDeploymentPostprocessing = 0;
			shellPath = /bin/sh;
			shellScript = "diff \"${PODS_PODFILE_DIR_PATH}/Podfile.lock\" \"${PODS_ROOT}/Manifest.lock\" > /dev/null\nif [ $? != 0 ] ; then\n    # print error to STDERR\n    echo \"error: The sandbox is not in sync with the Podfile.lock. Run 'pod install' or update your CocoaPods installation.\" >&2\n    exit 1\nfi\n# This output is used by Xcode 'outputs' to avoid re-running this script phase.\necho \"SUCCESS\" > \"${SCRIPT_OUTPUT_FILE_0}\"\n";
			showEnvVarsInLog = 0;
		};
/* End PBXShellScriptBuildPhase section */

/* Begin PBXSourcesBuildPhase section */
		D19179DE259890A40035AF74 /* Sources */ = {
			isa = PBXSourcesBuildPhase;
			buildActionMask = 2147483647;
			files = (
				1FA03DE025A8470700AF0326 /* NoticeHeaderCollectionViewCell.swift in Sources */,
				D11C1BE125A1FE68002606B2 /* CalendarCollectionViewCell.swift in Sources */,
				D11C1BE625A201AD002606B2 /* UICollectionReusableView+.swift in Sources */,
				CC6740EA25ACADF900EAE4C0 /* PromiseService.swift in Sources */,
				D11C1BEF25A2083B002606B2 /* NoticeCollectionViewCell.swift in Sources */,
				D15824E125AF201C0098B5AF /* EmptyCalendarCollectionViewCell.swift in Sources */,
				CC6740E725ACADEE00EAE4C0 /* DetailService.swift in Sources */,
				D11C1BEB25A20265002606B2 /* CalendarCollectionReusableView.swift in Sources */,
				CC8C35F425A83E79002D7304 /* ConfirmTableViewCell.swift in Sources */,
				D12D6DE125A1C84200E9A43A /* BaskervilleFont.swift in Sources */,
				37105A0E25A6FB8A005FA220 /* IncompleteTableViewCell.swift in Sources */,
				D1B444D9259F095F005C2C68 /* CalendarViewController.swift in Sources */,
				D19179EA259890A40035AF74 /* SplashViewController.swift in Sources */,
				1FA03DF125A870D200AF0326 /* DetailNoticeViewController.swift in Sources */,
				37259E9025A82A22006550AF /* EmptyIncomTableViewCell.swift in Sources */,
				1F8ECE8C25A7138100C0E0FA /* SignupCompleteViewController.swift in Sources */,
				CC6740EE25ACAFB300EAE4C0 /* CalendarService.swift in Sources */,
				D1B444DD259F096C005C2C68 /* PromiseViewController.swift in Sources */,
				DA813FBF25A475E500D33AD2 /* AdditionalRequestViewController.swift in Sources */,
				CC74427925AF4CAB00D04E4D /* EmptyTableViewCell.swift in Sources */,
				D12D6DE625A1C92D00E9A43A /* TabBarViewController.swift in Sources */,
				DA05096C25A05A6100DDB916 /* RequestDataModel.swift in Sources */,
				1FA03DE325A8471300AF0326 /* NoticeInformationCollectionViewCell.swift in Sources */,
				D1B44511259F1D5A005C2C68 /* LoginViewController.swift in Sources */,
				1FA03DED25A86E5600AF0326 /* VerifyCodeViewController.swift in Sources */,
				D1CF647725AC2464009A39EC /* UserService.swift in Sources */,
				D19179E6259890A40035AF74 /* AppDelegate.swift in Sources */,
				3799A14C25AA342200A8E03E /* RealEmptyTableViewCell.swift in Sources */,
				D131189E259B6BE300897DF4 /* UIViewController+.swift in Sources */,
				D1B44505259F0FCE005C2C68 /* StoryboardStorage.swift in Sources */,
				CC42D06225A74E54002A461D /* MessageDetailTableViewCell.swift in Sources */,
				D1B444FF259F0B13005C2C68 /* HomeViewController.swift in Sources */,
				D1CF647B25AC26A8009A39EC /* MoyaNetworkLogger.swift in Sources */,
				DAB322B125A80E3B0098175E /* TimeStampTableViewCell.swift in Sources */,
				D131189B259B6BD800897DF4 /* UIView+.swift in Sources */,
				DAB3225C25A73F900098175E /* UIDatePicker+.swift in Sources */,
				1FCC3A3825B0167B00A20DEF /* Notice.swift in Sources */,
				CC8B595325A496A100EC3AC7 /* CommunicateMethodTableViewCell.swift in Sources */,
				CC8C35F125A83E33002D7304 /* ConfirmViewController.swift in Sources */,
				D131189B259B6BD800897DF4 /* UIView+.swift in Sources */,
				CC42D05F25A74D21002A461D /* MessageTableViewCell.swift in Sources */,
				D131188E259B6BA900897DF4 /* UICollectionViewCell+.swift in Sources */,
				CC6A1E0425A5A2A800C86865 /* UIImageView+.swift in Sources */,
				D1311888259B6B9400897DF4 /* ReusableView.swift in Sources */,
				DA05097A25A2176300DDB916 /* photoCollectionViewCell.swift in Sources */,
				D1B444E4259F09C5005C2C68 /* DetailViewController.swift in Sources */,
				37105A0B25A6FB7A005FA220 /* CompleteTableViewCell.swift in Sources */,
				D131188B259B6BA000897DF4 /* UICollectionView+.swift in Sources */,
				D1B44508259F1447005C2C68 /* BaseViewController.swift in Sources */,
				DAB3225925A72A520098175E /* DatePickerViewController.swift in Sources */,
				D1311892259B6BB300897DF4 /* UITableView+.swift in Sources */,
				CC096D5525A2415E00E07017 /* ContentViewController.swift in Sources */,
				37259E8D25A829EF006550AF /* EmptyComTableViewCell.swift in Sources */,
				DACAAB6025B0516B006745A6 /* timeOptions.swift in Sources */,
				371878A725A4A6E200803944 /* ContentTableViewCell.swift in Sources */,
				1F53BA5125AE9AE30048CDAB /* Host.swift in Sources */,
				DA050956259F692E00DDB916 /* UIImage+.swift in Sources */,
				DA1A827725AAD41D00B1F56C /* AddNoticeViewController.swift in Sources */,
				D1311895259B6BBF00897DF4 /* UITableViewCell+.swift in Sources */,
				1FA03DE625A8472200AF0326 /* NoticeViewController.swift in Sources */,
				DA6D898525A5A98E00CF47C4 /* AppointmentViewController.swift in Sources */,
				CC8B595625A496B300EC3AC7 /* MethodDetailTableViewCell.swift in Sources */,
				DA928D2525A98ED200DA8466 /* VerifyNumberViewController.swift in Sources */,
				CC6740F225ACB03F00EAE4C0 /* NoticeService.swift in Sources */,
				D13118A3259B70EF00897DF4 /* KeychainStorage.swift in Sources */,
				D1B444EE259F0A10005C2C68 /* CommunicationViewController.swift in Sources */,
				D15824B825AD32920098B5AF /* Calendar.swift in Sources */,
				DA050946259F343E00DDB916 /* CameraWorkViewController.swift in Sources */,
				CC8B595A25A498B200EC3AC7 /* CommunicationMethod.swift in Sources */,
				CC8B595025A4964200EC3AC7 /* RequestTableViewCell.swift in Sources */,
				D1311898259B6BD100897DF4 /* UIColor+.swift in Sources */,
				1FA03DDA25A846F100AF0326 /* NoticeFooterCollectionViewCell.swift in Sources */,
				CC6740E425ACADE500EAE4C0 /* CommunicationService.swift in Sources */,
				1F8ECE5725A5A71300C0E0FA /* SignupViewController.swift in Sources */,
				D13118A6259B718900897DF4 /* CALayer+.swift in Sources */,
				D16C797B25B0773900BB22D1 /* EmptyDetailTableViewCell.swift in Sources */,
				D15824B125AD321A0098B5AF /* ResponseType.swift in Sources */,
				CC6A1E0E25A5AE6C00C86865 /* MessageViewController.swift in Sources */,
				CC42D06525A7551C002A461D /* MessageCard.swift in Sources */,
				CC74425F25AD8B6000D04E4D /* Detail.swift in Sources */,
				CC6A1DF825A58C6C00C86865 /* AddedImageCollectionViewCell.swift in Sources */,
				CC8B596025A49F6D00EC3AC7 /* AddedImageTableViewCell.swift in Sources */,
				1F8ECE8925A700B900C0E0FA /* AddressViewController.swift in Sources */,
				D1B0387125A8D3BF0092CE4F /* InfoViewController.swift in Sources */,
				D19179E8259890A40035AF74 /* SceneDelegate.swift in Sources */,
			);
			runOnlyForDeploymentPostprocessing = 0;
		};
/* End PBXSourcesBuildPhase section */

/* Begin PBXVariantGroup section */
		D19179F0259890A70035AF74 /* LaunchScreen.storyboard */ = {
			isa = PBXVariantGroup;
			children = (
				D19179F1259890A70035AF74 /* Base */,
			);
			name = LaunchScreen.storyboard;
			sourceTree = "<group>";
		};
/* End PBXVariantGroup section */

/* Begin XCBuildConfiguration section */
		D19179F4259890A70035AF74 /* Debug */ = {
			isa = XCBuildConfiguration;
			buildSettings = {
				ALWAYS_SEARCH_USER_PATHS = NO;
				CLANG_ANALYZER_NONNULL = YES;
				CLANG_ANALYZER_NUMBER_OBJECT_CONVERSION = YES_AGGRESSIVE;
				CLANG_CXX_LANGUAGE_STANDARD = "gnu++14";
				CLANG_CXX_LIBRARY = "libc++";
				CLANG_ENABLE_MODULES = YES;
				CLANG_ENABLE_OBJC_ARC = YES;
				CLANG_ENABLE_OBJC_WEAK = YES;
				CLANG_WARN_BLOCK_CAPTURE_AUTORELEASING = YES;
				CLANG_WARN_BOOL_CONVERSION = YES;
				CLANG_WARN_COMMA = YES;
				CLANG_WARN_CONSTANT_CONVERSION = YES;
				CLANG_WARN_DEPRECATED_OBJC_IMPLEMENTATIONS = YES;
				CLANG_WARN_DIRECT_OBJC_ISA_USAGE = YES_ERROR;
				CLANG_WARN_DOCUMENTATION_COMMENTS = YES;
				CLANG_WARN_EMPTY_BODY = YES;
				CLANG_WARN_ENUM_CONVERSION = YES;
				CLANG_WARN_INFINITE_RECURSION = YES;
				CLANG_WARN_INT_CONVERSION = YES;
				CLANG_WARN_NON_LITERAL_NULL_CONVERSION = YES;
				CLANG_WARN_OBJC_IMPLICIT_RETAIN_SELF = YES;
				CLANG_WARN_OBJC_LITERAL_CONVERSION = YES;
				CLANG_WARN_OBJC_ROOT_CLASS = YES_ERROR;
				CLANG_WARN_QUOTED_INCLUDE_IN_FRAMEWORK_HEADER = YES;
				CLANG_WARN_RANGE_LOOP_ANALYSIS = YES;
				CLANG_WARN_STRICT_PROTOTYPES = YES;
				CLANG_WARN_SUSPICIOUS_MOVE = YES;
				CLANG_WARN_UNGUARDED_AVAILABILITY = YES_AGGRESSIVE;
				CLANG_WARN_UNREACHABLE_CODE = YES;
				CLANG_WARN__DUPLICATE_METHOD_MATCH = YES;
				COPY_PHASE_STRIP = NO;
				DEBUG_INFORMATION_FORMAT = dwarf;
				ENABLE_STRICT_OBJC_MSGSEND = YES;
				ENABLE_TESTABILITY = YES;
				GCC_C_LANGUAGE_STANDARD = gnu11;
				GCC_DYNAMIC_NO_PIC = NO;
				GCC_NO_COMMON_BLOCKS = YES;
				GCC_OPTIMIZATION_LEVEL = 0;
				GCC_PREPROCESSOR_DEFINITIONS = (
					"DEBUG=1",
					"$(inherited)",
				);
				GCC_WARN_64_TO_32_BIT_CONVERSION = YES;
				GCC_WARN_ABOUT_RETURN_TYPE = YES_ERROR;
				GCC_WARN_UNDECLARED_SELECTOR = YES;
				GCC_WARN_UNINITIALIZED_AUTOS = YES_AGGRESSIVE;
				GCC_WARN_UNUSED_FUNCTION = YES;
				GCC_WARN_UNUSED_VARIABLE = YES;
				IPHONEOS_DEPLOYMENT_TARGET = 14.3;
				MTL_ENABLE_DEBUG_INFO = INCLUDE_SOURCE;
				MTL_FAST_MATH = YES;
				ONLY_ACTIVE_ARCH = YES;
				SDKROOT = iphoneos;
				SWIFT_ACTIVE_COMPILATION_CONDITIONS = DEBUG;
				SWIFT_OPTIMIZATION_LEVEL = "-Onone";
			};
			name = Debug;
		};
		D19179F5259890A70035AF74 /* Release */ = {
			isa = XCBuildConfiguration;
			buildSettings = {
				ALWAYS_SEARCH_USER_PATHS = NO;
				CLANG_ANALYZER_NONNULL = YES;
				CLANG_ANALYZER_NUMBER_OBJECT_CONVERSION = YES_AGGRESSIVE;
				CLANG_CXX_LANGUAGE_STANDARD = "gnu++14";
				CLANG_CXX_LIBRARY = "libc++";
				CLANG_ENABLE_MODULES = YES;
				CLANG_ENABLE_OBJC_ARC = YES;
				CLANG_ENABLE_OBJC_WEAK = YES;
				CLANG_WARN_BLOCK_CAPTURE_AUTORELEASING = YES;
				CLANG_WARN_BOOL_CONVERSION = YES;
				CLANG_WARN_COMMA = YES;
				CLANG_WARN_CONSTANT_CONVERSION = YES;
				CLANG_WARN_DEPRECATED_OBJC_IMPLEMENTATIONS = YES;
				CLANG_WARN_DIRECT_OBJC_ISA_USAGE = YES_ERROR;
				CLANG_WARN_DOCUMENTATION_COMMENTS = YES;
				CLANG_WARN_EMPTY_BODY = YES;
				CLANG_WARN_ENUM_CONVERSION = YES;
				CLANG_WARN_INFINITE_RECURSION = YES;
				CLANG_WARN_INT_CONVERSION = YES;
				CLANG_WARN_NON_LITERAL_NULL_CONVERSION = YES;
				CLANG_WARN_OBJC_IMPLICIT_RETAIN_SELF = YES;
				CLANG_WARN_OBJC_LITERAL_CONVERSION = YES;
				CLANG_WARN_OBJC_ROOT_CLASS = YES_ERROR;
				CLANG_WARN_QUOTED_INCLUDE_IN_FRAMEWORK_HEADER = YES;
				CLANG_WARN_RANGE_LOOP_ANALYSIS = YES;
				CLANG_WARN_STRICT_PROTOTYPES = YES;
				CLANG_WARN_SUSPICIOUS_MOVE = YES;
				CLANG_WARN_UNGUARDED_AVAILABILITY = YES_AGGRESSIVE;
				CLANG_WARN_UNREACHABLE_CODE = YES;
				CLANG_WARN__DUPLICATE_METHOD_MATCH = YES;
				COPY_PHASE_STRIP = NO;
				DEBUG_INFORMATION_FORMAT = "dwarf-with-dsym";
				ENABLE_NS_ASSERTIONS = NO;
				ENABLE_STRICT_OBJC_MSGSEND = YES;
				GCC_C_LANGUAGE_STANDARD = gnu11;
				GCC_NO_COMMON_BLOCKS = YES;
				GCC_WARN_64_TO_32_BIT_CONVERSION = YES;
				GCC_WARN_ABOUT_RETURN_TYPE = YES_ERROR;
				GCC_WARN_UNDECLARED_SELECTOR = YES;
				GCC_WARN_UNINITIALIZED_AUTOS = YES_AGGRESSIVE;
				GCC_WARN_UNUSED_FUNCTION = YES;
				GCC_WARN_UNUSED_VARIABLE = YES;
				IPHONEOS_DEPLOYMENT_TARGET = 14.3;
				MTL_ENABLE_DEBUG_INFO = NO;
				MTL_FAST_MATH = YES;
				SDKROOT = iphoneos;
				SWIFT_COMPILATION_MODE = wholemodule;
				SWIFT_OPTIMIZATION_LEVEL = "-O";
				VALIDATE_PRODUCT = YES;
			};
			name = Release;
		};
		D19179F7259890A70035AF74 /* Debug */ = {
			isa = XCBuildConfiguration;
			baseConfigurationReference = 3C93D2349047CC7DE6C0CE9C /* Pods-Housing.debug.xcconfig */;
			buildSettings = {
				ASSETCATALOG_COMPILER_APPICON_NAME = AppIcon;
				ASSETCATALOG_COMPILER_GLOBAL_ACCENT_COLOR_NAME = AccentColor;
				CODE_SIGN_STYLE = Automatic;
				CURRENT_PROJECT_VERSION = 8;
				DEVELOPMENT_TEAM = 36BC59Q598;
				INFOPLIST_FILE = Housing/Supports/Info.plist;
				IPHONEOS_DEPLOYMENT_TARGET = 13.0;
				LD_RUNPATH_SEARCH_PATHS = (
					"$(inherited)",
					"@executable_path/Frameworks",
				);
				MARKETING_VERSION = 0.1;
				PRODUCT_BUNDLE_IDENTIFIER = kr.housing;
				PRODUCT_NAME = "$(TARGET_NAME)";
				SWIFT_VERSION = 5.0;
				TARGETED_DEVICE_FAMILY = 1;
			};
			name = Debug;
		};
		D19179F8259890A70035AF74 /* Release */ = {
			isa = XCBuildConfiguration;
			baseConfigurationReference = 340DE7B3E8247CCAEA231AB4 /* Pods-Housing.release.xcconfig */;
			buildSettings = {
				ASSETCATALOG_COMPILER_APPICON_NAME = AppIcon;
				ASSETCATALOG_COMPILER_GLOBAL_ACCENT_COLOR_NAME = AccentColor;
				CODE_SIGN_STYLE = Automatic;
				CURRENT_PROJECT_VERSION = 8;
				DEVELOPMENT_TEAM = 36BC59Q598;
				INFOPLIST_FILE = Housing/Supports/Info.plist;
				IPHONEOS_DEPLOYMENT_TARGET = 13.0;
				LD_RUNPATH_SEARCH_PATHS = (
					"$(inherited)",
					"@executable_path/Frameworks",
				);
				MARKETING_VERSION = 0.1;
				PRODUCT_BUNDLE_IDENTIFIER = kr.housing;
				PRODUCT_NAME = "$(TARGET_NAME)";
				SWIFT_VERSION = 5.0;
				TARGETED_DEVICE_FAMILY = 1;
			};
			name = Release;
		};
/* End XCBuildConfiguration section */

/* Begin XCConfigurationList section */
		D19179DD259890A40035AF74 /* Build configuration list for PBXProject "Housing" */ = {
			isa = XCConfigurationList;
			buildConfigurations = (
				D19179F4259890A70035AF74 /* Debug */,
				D19179F5259890A70035AF74 /* Release */,
			);
			defaultConfigurationIsVisible = 0;
			defaultConfigurationName = Release;
		};
		D19179F6259890A70035AF74 /* Build configuration list for PBXNativeTarget "Housing" */ = {
			isa = XCConfigurationList;
			buildConfigurations = (
				D19179F7259890A70035AF74 /* Debug */,
				D19179F8259890A70035AF74 /* Release */,
			);
			defaultConfigurationIsVisible = 0;
			defaultConfigurationName = Release;
		};
/* End XCConfigurationList section */

/* Begin XCRemoteSwiftPackageReference section */
		1FACC31725AD747B0072EABA /* XCRemoteSwiftPackageReference "SwiftyJSON" */ = {
			isa = XCRemoteSwiftPackageReference;
			repositoryURL = "https://github.com/SwiftyJSON/SwiftyJSON";
			requirement = {
				kind = upToNextMajorVersion;
				minimumVersion = 5.0.0;
			};
		};
		D1B0387325A8E65A0092CE4F /* XCRemoteSwiftPackageReference "RxKeyboard" */ = {
			isa = XCRemoteSwiftPackageReference;
			repositoryURL = "https://github.com/RxSwiftCommunity/RxKeyboard";
			requirement = {
				kind = upToNextMajorVersion;
				minimumVersion = 1.0.0;
			};
		};
		D1B65A162598D16600A9A7CB /* XCRemoteSwiftPackageReference "RxSwift" */ = {
			isa = XCRemoteSwiftPackageReference;
			repositoryURL = "https://github.com/ReactiveX/RxSwift";
			requirement = {
				kind = upToNextMajorVersion;
				minimumVersion = 5.1.1;
			};
		};
		D1B65A1E2598D1FF00A9A7CB /* XCRemoteSwiftPackageReference "Kingfisher" */ = {
			isa = XCRemoteSwiftPackageReference;
			repositoryURL = "https://github.com/onevcat/Kingfisher";
			requirement = {
				kind = upToNextMajorVersion;
				minimumVersion = 5.15.8;
			};
		};
		D1B65A222598D21F00A9A7CB /* XCRemoteSwiftPackageReference "SnapKit" */ = {
			isa = XCRemoteSwiftPackageReference;
			repositoryURL = "https://github.com/SnapKit/SnapKit";
			requirement = {
				kind = upToNextMajorVersion;
				minimumVersion = 5.0.1;
			};
		};
		D1B65A262598D24C00A9A7CB /* XCRemoteSwiftPackageReference "Alamofire" */ = {
			isa = XCRemoteSwiftPackageReference;
			repositoryURL = "https://github.com/Alamofire/Alamofire";
			requirement = {
				kind = upToNextMajorVersion;
				minimumVersion = 5.2.0;
			};
		};
		D1B65A2A2598D27D00A9A7CB /* XCRemoteSwiftPackageReference "Then" */ = {
			isa = XCRemoteSwiftPackageReference;
			repositoryURL = "https://github.com/devxoul/Then";
			requirement = {
				kind = upToNextMajorVersion;
				minimumVersion = 2.7.0;
			};
		};
		D1CF646A25AC236E009A39EC /* XCRemoteSwiftPackageReference "Moya" */ = {
			isa = XCRemoteSwiftPackageReference;
			repositoryURL = "https://github.com/Moya/Moya";
			requirement = {
				kind = upToNextMajorVersion;
				minimumVersion = 14.0.0;
			};
		};
		DA050963259F801A00DDB916 /* XCRemoteSwiftPackageReference "SwiftKeychainWrapper" */ = {
			isa = XCRemoteSwiftPackageReference;
			repositoryURL = "https://github.com/jrendel/SwiftKeychainWrapper";
			requirement = {
				kind = upToNextMajorVersion;
				minimumVersion = 4.0.1;
			};
		};
		DA05097025A0722000DDB916 /* XCRemoteSwiftPackageReference "YPImagePicker" */ = {
			isa = XCRemoteSwiftPackageReference;
			repositoryURL = "https://github.com/Yummypets/YPImagePicker";
			requirement = {
				branch = spm;
				kind = branch;
			};
		};
		DA10C687259B3C3F00AC91D9 /* XCRemoteSwiftPackageReference "FSCalendar" */ = {
			isa = XCRemoteSwiftPackageReference;
			repositoryURL = "https://github.com/WenchaoD/FSCalendar.git";
			requirement = {
				kind = upToNextMajorVersion;
				minimumVersion = 2.8.2;
			};
		};
		DAC7E48C25AF4E0300031102 /* XCRemoteSwiftPackageReference "lottie-ios" */ = {
			isa = XCRemoteSwiftPackageReference;
			repositoryURL = "https://github.com/airbnb/lottie-ios.git";
			requirement = {
				kind = upToNextMajorVersion;
				minimumVersion = 3.1.9;
			};
		};
/* End XCRemoteSwiftPackageReference section */

/* Begin XCSwiftPackageProductDependency section */
		1FACC31825AD747B0072EABA /* SwiftyJSON */ = {
			isa = XCSwiftPackageProductDependency;
			package = 1FACC31725AD747B0072EABA /* XCRemoteSwiftPackageReference "SwiftyJSON" */;
			productName = SwiftyJSON;
		};
		D1B0387425A8E65A0092CE4F /* RxKeyboard */ = {
			isa = XCSwiftPackageProductDependency;
			package = D1B0387325A8E65A0092CE4F /* XCRemoteSwiftPackageReference "RxKeyboard" */;
			productName = RxKeyboard;
		};
		D1B65A172598D16600A9A7CB /* RxSwift */ = {
			isa = XCSwiftPackageProductDependency;
			package = D1B65A162598D16600A9A7CB /* XCRemoteSwiftPackageReference "RxSwift" */;
			productName = RxSwift;
		};
		D1B65A192598D16600A9A7CB /* RxCocoa */ = {
			isa = XCSwiftPackageProductDependency;
			package = D1B65A162598D16600A9A7CB /* XCRemoteSwiftPackageReference "RxSwift" */;
			productName = RxCocoa;
		};
		D1B65A1B2598D16600A9A7CB /* RxRelay */ = {
			isa = XCSwiftPackageProductDependency;
			package = D1B65A162598D16600A9A7CB /* XCRemoteSwiftPackageReference "RxSwift" */;
			productName = RxRelay;
		};
		D1B65A1F2598D1FF00A9A7CB /* Kingfisher */ = {
			isa = XCSwiftPackageProductDependency;
			package = D1B65A1E2598D1FF00A9A7CB /* XCRemoteSwiftPackageReference "Kingfisher" */;
			productName = Kingfisher;
		};
		D1B65A232598D21F00A9A7CB /* SnapKit */ = {
			isa = XCSwiftPackageProductDependency;
			package = D1B65A222598D21F00A9A7CB /* XCRemoteSwiftPackageReference "SnapKit" */;
			productName = SnapKit;
		};
		D1B65A272598D24D00A9A7CB /* Alamofire */ = {
			isa = XCSwiftPackageProductDependency;
			package = D1B65A262598D24C00A9A7CB /* XCRemoteSwiftPackageReference "Alamofire" */;
			productName = Alamofire;
		};
		D1B65A2B2598D27D00A9A7CB /* Then */ = {
			isa = XCSwiftPackageProductDependency;
			package = D1B65A2A2598D27D00A9A7CB /* XCRemoteSwiftPackageReference "Then" */;
			productName = Then;
		};
		D1CF646B25AC236E009A39EC /* Moya */ = {
			isa = XCSwiftPackageProductDependency;
			package = D1CF646A25AC236E009A39EC /* XCRemoteSwiftPackageReference "Moya" */;
			productName = Moya;
		};
		D1CF646D25AC236E009A39EC /* ReactiveMoya */ = {
			isa = XCSwiftPackageProductDependency;
			package = D1CF646A25AC236E009A39EC /* XCRemoteSwiftPackageReference "Moya" */;
			productName = ReactiveMoya;
		};
		D1CF646F25AC236E009A39EC /* RxMoya */ = {
			isa = XCSwiftPackageProductDependency;
			package = D1CF646A25AC236E009A39EC /* XCRemoteSwiftPackageReference "Moya" */;
			productName = RxMoya;
		};
		DA050964259F801A00DDB916 /* SwiftKeychainWrapper */ = {
			isa = XCSwiftPackageProductDependency;
			package = DA050963259F801A00DDB916 /* XCRemoteSwiftPackageReference "SwiftKeychainWrapper" */;
			productName = SwiftKeychainWrapper;
		};
		DA05097125A0722000DDB916 /* YPImagePicker */ = {
			isa = XCSwiftPackageProductDependency;
			package = DA05097025A0722000DDB916 /* XCRemoteSwiftPackageReference "YPImagePicker" */;
			productName = YPImagePicker;
		};
		DA10C688259B3C3F00AC91D9 /* FSCalendar */ = {
			isa = XCSwiftPackageProductDependency;
			package = DA10C687259B3C3F00AC91D9 /* XCRemoteSwiftPackageReference "FSCalendar" */;
			productName = FSCalendar;
		};
		DAC7E48D25AF4E0300031102 /* Lottie */ = {
			isa = XCSwiftPackageProductDependency;
			package = DAC7E48C25AF4E0300031102 /* XCRemoteSwiftPackageReference "lottie-ios" */;
			productName = Lottie;
		};
/* End XCSwiftPackageProductDependency section */
	};
	rootObject = D19179DA259890A40035AF74 /* Project object */;
}
